
Microsoft Visual Studio Solution File, Format Version 12.00
# Visual Studio Version 16
VisualStudioVersion = 16.0.32407.337
MinimumVisualStudioVersion = 10.0.40219.1
Project("{8BC9CEB8-8B4A-11D0-8D11-00A0C91BC942}") = "vs2019", "vs2019\vs2019.vcxproj", "{20FC8E77-D652-4562-A6B5-691E7AB05C4B}"
EndProject
Project("{2150E333-8FDC-42A3-9474-1A3956D46DE8}") = "API", "API", "{9CB386CA-3F38-4693-AFFB-0B2BEFB0284B}"
EndProject
Project("{2150E333-8FDC-42A3-9474-1A3956D46DE8}") = "STL", "STL", "{E72A1835-DABE-47F7-8E89-C89A04170FB7}"
EndProject
Project("{2150E333-8FDC-42A3-9474-1A3956D46DE8}") = "QT", "QT", "{7D99400E-B5C5-4573-BFD1-92B8326C0833}"
EndProject
Project("{2150E333-8FDC-42A3-9474-1A3956D46DE8}") = "C++", "C++", "{A6838175-BA3B-44D9-9C9A-DC81F8AF6AC6}"
EndProject
Project("{8BC9CEB8-8B4A-11D0-8D11-00A0C91BC942}") = "Qt_INIT", "Qt_INIT\Qt_INIT.vcxproj", "{D80B83D5-BA94-4FD9-A199-16CAEA892DE5}"
EndProject
Project("{8BC9CEB8-8B4A-11D0-8D11-00A0C91BC942}") = "ExpandEnvironmentStrings", "API_ExpandEnvironmentStrings\ExpandEnvironmentStrings.vcxproj", "{5D92115B-0F5D-457F-B926-3CA969CB9B64}"
EndProject
Project("{8BC9CEB8-8B4A-11D0-8D11-00A0C91BC942}") = "bind", "bind\bind.vcxproj", "{0E9631F9-0A40-42DC-9C4F-AFA1327D0E2A}"
EndProject
Project("{8BC9CEB8-8B4A-11D0-8D11-00A0C91BC942}") = "QListWidgetTest", "QListWidgetTest\QListWidgetTest.vcxproj", "{1CB90BBA-6890-45A4-A0B3-1D83CAB33B52}"
EndProject
Project("{2150E333-8FDC-42A3-9474-1A3956D46DE8}") = "LeetCode", "LeetCode", "{ED05B8CD-467A-4109-9AE0-F6E29A141E3B}"
EndProject
Project("{8BC9CEB8-8B4A-11D0-8D11-00A0C91BC942}") = "FileSizeConvert", "FileSizeConvert\FileSizeConvert.vcxproj", "{6E4180D1-1745-4089-8E20-4E84B38BE3C5}"
EndProject
Project("{8BC9CEB8-8B4A-11D0-8D11-00A0C91BC942}") = "EnumToDefine", "EnumToDefine\EnumToDefine.vcxproj", "{886913B7-8B74-4CD2-9A40-C7B0170847BA}"
EndProject
Project("{8BC9CEB8-8B4A-11D0-8D11-00A0C91BC942}") = "ClassInClass", "ClassInClass\ClassInClass.vcxproj", "{CB08A48C-0B08-4D51-8DAA-93E3A926864C}"
EndProject
Project("{8BC9CEB8-8B4A-11D0-8D11-00A0C91BC942}") = "UpdateDatabase", "UpdateDatabase\UpdateDatabase.vcxproj", "{9390FAA8-DB0A-4E95-AE16-679575EDD611}"
EndProject
Project("{8BC9CEB8-8B4A-11D0-8D11-00A0C91BC942}") = "regex", "regex\regex.vcxproj", "{B73E79A6-AD65-4652-A03D-525EF231909B}"
EndProject
Project("{8BC9CEB8-8B4A-11D0-8D11-00A0C91BC942}") = "find_first_not_of", "find_first_not_of\find_first_not_of.vcxproj", "{898D8F58-A72E-432E-AC89-F3FD1139E0A0}"
EndProject
Project("{8BC9CEB8-8B4A-11D0-8D11-00A0C91BC942}") = "RegGetValue", "RegGetValue\RegGetValue.vcxproj", "{E4F452D2-4EC2-4D45-8C42-6D5BC935047E}"
EndProject
Project("{2150E333-8FDC-42A3-9474-1A3956D46DE8}") = "Reg", "Reg", "{ADC7F08A-6D29-4AEC-80D1-CB717D507DC2}"
EndProject
Project("{8BC9CEB8-8B4A-11D0-8D11-00A0C91BC942}") = "RegType", "RegType\RegType.vcxproj", "{A73397F5-C46C-4BDE-B63F-936BFDD89CA1}"
EndProject
Project("{8BC9CEB8-8B4A-11D0-8D11-00A0C91BC942}") = "ClientTest", "pipeTest\pipeTest.vcxproj", "{4681FBF7-0D96-496B-8BD3-BFD0DE420EEC}"
EndProject
Project("{2150E333-8FDC-42A3-9474-1A3956D46DE8}") = "pipeDemo", "pipeDemo", "{263764B5-BC9A-463E-B2B1-4F0B03DD86A6}"
EndProject
Project("{2150E333-8FDC-42A3-9474-1A3956D46DE8}") = "Json11", "Json11", "{25B64ADA-438B-4EDD-B597-C4ED294D375C}"
EndProject
Project("{8BC9CEB8-8B4A-11D0-8D11-00A0C91BC942}") = "Json11Test", "Json11Test\Json11Test.vcxproj", "{EE9E9D6E-BE7C-4465-9100-39A2546D882C}"
EndProject
Project("{8BC9CEB8-8B4A-11D0-8D11-00A0C91BC942}") = "ServerTest", "ServerTest\ServerTest.vcxproj", "{B48861C9-F483-4ED9-A9A6-F18EE0A42856}"
EndProject
Project("{8BC9CEB8-8B4A-11D0-8D11-00A0C91BC942}") = "PipeClass", "PipeClass\PipeClass.vcxproj", "{8E0BD2CA-1696-407F-B23F-E1FBBEC79CD5}"
EndProject
Project("{8BC9CEB8-8B4A-11D0-8D11-00A0C91BC942}") = "GetTempDir", "GetTempDir\GetTempDir.vcxproj", "{7BC0A987-0EC4-4563-A14C-BCB935F1DD54}"
EndProject
Project("{8BC9CEB8-8B4A-11D0-8D11-00A0C91BC942}") = "pipeipc", "pipeipc\pipeipc.vcxproj", "{2BBA661F-E2DA-4C4D-8FD3-1CB8996DA379}"
EndProject
Project("{8BC9CEB8-8B4A-11D0-8D11-00A0C91BC942}") = "time_t", "time_t\time_t.vcxproj", "{99E3B80C-065F-4315-84AD-4424E933EAF8}"
EndProject
Project("{8BC9CEB8-8B4A-11D0-8D11-00A0C91BC942}") = "GetProcessPath", "GetProcessPath\GetProcessPath.vcxproj", "{6EFFAAD0-CB86-440B-B8B1-3FC14FEE1C80}"
EndProject
Project("{2150E333-8FDC-42A3-9474-1A3956D46DE8}") = "Curl", "Curl", "{5FEDAAE4-1602-46A6-81EC-7812AD9BFD90}"
EndProject
Project("{8BC9CEB8-8B4A-11D0-8D11-00A0C91BC942}") = "codeConvert", "codeConvert\codeConvert.vcxproj", "{9D2B39F7-9B48-49A8-BF77-A386ADD0A806}"
EndProject
Project("{8BC9CEB8-8B4A-11D0-8D11-00A0C91BC942}") = "CreateService", "CreateService\CreateService.vcxproj", "{56E9F1D1-3584-4D08-9F33-FA53AFCD404E}"
EndProject
Global
	GlobalSection(SolutionConfigurationPlatforms) = preSolution
		Debug|x64 = Debug|x64
		Debug|x86 = Debug|x86
		Release|x64 = Release|x64
		Release|x86 = Release|x86
	EndGlobalSection
	GlobalSection(ProjectConfigurationPlatforms) = postSolution
		{20FC8E77-D652-4562-A6B5-691E7AB05C4B}.Debug|x64.ActiveCfg = Debug|x64
		{20FC8E77-D652-4562-A6B5-691E7AB05C4B}.Debug|x64.Build.0 = Debug|x64
		{20FC8E77-D652-4562-A6B5-691E7AB05C4B}.Debug|x86.ActiveCfg = Debug|Win32
		{20FC8E77-D652-4562-A6B5-691E7AB05C4B}.Debug|x86.Build.0 = Debug|Win32
		{20FC8E77-D652-4562-A6B5-691E7AB05C4B}.Release|x64.ActiveCfg = Release|x64
		{20FC8E77-D652-4562-A6B5-691E7AB05C4B}.Release|x64.Build.0 = Release|x64
		{20FC8E77-D652-4562-A6B5-691E7AB05C4B}.Release|x86.ActiveCfg = Release|Win32
		{20FC8E77-D652-4562-A6B5-691E7AB05C4B}.Release|x86.Build.0 = Release|Win32
		{D80B83D5-BA94-4FD9-A199-16CAEA892DE5}.Debug|x64.ActiveCfg = Release|Win32
		{D80B83D5-BA94-4FD9-A199-16CAEA892DE5}.Debug|x64.Build.0 = Release|Win32
		{D80B83D5-BA94-4FD9-A199-16CAEA892DE5}.Debug|x86.ActiveCfg = Release|Win32
		{D80B83D5-BA94-4FD9-A199-16CAEA892DE5}.Debug|x86.Build.0 = Release|Win32
		{D80B83D5-BA94-4FD9-A199-16CAEA892DE5}.Release|x64.ActiveCfg = Release|Win32
		{D80B83D5-BA94-4FD9-A199-16CAEA892DE5}.Release|x86.ActiveCfg = Release|Win32
		{D80B83D5-BA94-4FD9-A199-16CAEA892DE5}.Release|x86.Build.0 = Release|Win32
		{5D92115B-0F5D-457F-B926-3CA969CB9B64}.Debug|x64.ActiveCfg = Debug|x64
		{5D92115B-0F5D-457F-B926-3CA969CB9B64}.Debug|x64.Build.0 = Debug|x64
		{5D92115B-0F5D-457F-B926-3CA969CB9B64}.Debug|x86.ActiveCfg = Debug|Win32
		{5D92115B-0F5D-457F-B926-3CA969CB9B64}.Debug|x86.Build.0 = Debug|Win32
		{5D92115B-0F5D-457F-B926-3CA969CB9B64}.Release|x64.ActiveCfg = Release|x64
		{5D92115B-0F5D-457F-B926-3CA969CB9B64}.Release|x64.Build.0 = Release|x64
		{5D92115B-0F5D-457F-B926-3CA969CB9B64}.Release|x86.ActiveCfg = Release|Win32
		{5D92115B-0F5D-457F-B926-3CA969CB9B64}.Release|x86.Build.0 = Release|Win32
		{0E9631F9-0A40-42DC-9C4F-AFA1327D0E2A}.Debug|x64.ActiveCfg = Debug|x64
		{0E9631F9-0A40-42DC-9C4F-AFA1327D0E2A}.Debug|x64.Build.0 = Debug|x64
		{0E9631F9-0A40-42DC-9C4F-AFA1327D0E2A}.Debug|x86.ActiveCfg = Debug|Win32
		{0E9631F9-0A40-42DC-9C4F-AFA1327D0E2A}.Debug|x86.Build.0 = Debug|Win32
		{0E9631F9-0A40-42DC-9C4F-AFA1327D0E2A}.Release|x64.ActiveCfg = Release|x64
		{0E9631F9-0A40-42DC-9C4F-AFA1327D0E2A}.Release|x64.Build.0 = Release|x64
		{0E9631F9-0A40-42DC-9C4F-AFA1327D0E2A}.Release|x86.ActiveCfg = Release|Win32
		{0E9631F9-0A40-42DC-9C4F-AFA1327D0E2A}.Release|x86.Build.0 = Release|Win32
		{1CB90BBA-6890-45A4-A0B3-1D83CAB33B52}.Debug|x64.ActiveCfg = Debug|Win32
		{1CB90BBA-6890-45A4-A0B3-1D83CAB33B52}.Debug|x86.ActiveCfg = Debug|Win32
		{1CB90BBA-6890-45A4-A0B3-1D83CAB33B52}.Debug|x86.Build.0 = Debug|Win32
		{1CB90BBA-6890-45A4-A0B3-1D83CAB33B52}.Release|x64.ActiveCfg = Release|Win32
		{1CB90BBA-6890-45A4-A0B3-1D83CAB33B52}.Release|x86.ActiveCfg = Release|Win32
		{1CB90BBA-6890-45A4-A0B3-1D83CAB33B52}.Release|x86.Build.0 = Release|Win32
		{6E4180D1-1745-4089-8E20-4E84B38BE3C5}.Debug|x64.ActiveCfg = Debug|x64
		{6E4180D1-1745-4089-8E20-4E84B38BE3C5}.Debug|x64.Build.0 = Debug|x64
		{6E4180D1-1745-4089-8E20-4E84B38BE3C5}.Debug|x86.ActiveCfg = Debug|Win32
		{6E4180D1-1745-4089-8E20-4E84B38BE3C5}.Debug|x86.Build.0 = Debug|Win32
		{6E4180D1-1745-4089-8E20-4E84B38BE3C5}.Release|x64.ActiveCfg = Release|x64
		{6E4180D1-1745-4089-8E20-4E84B38BE3C5}.Release|x64.Build.0 = Release|x64
		{6E4180D1-1745-4089-8E20-4E84B38BE3C5}.Release|x86.ActiveCfg = Release|Win32
		{6E4180D1-1745-4089-8E20-4E84B38BE3C5}.Release|x86.Build.0 = Release|Win32
		{886913B7-8B74-4CD2-9A40-C7B0170847BA}.Debug|x64.ActiveCfg = Debug|x64
		{886913B7-8B74-4CD2-9A40-C7B0170847BA}.Debug|x64.Build.0 = Debug|x64
		{886913B7-8B74-4CD2-9A40-C7B0170847BA}.Debug|x86.ActiveCfg = Debug|Win32
		{886913B7-8B74-4CD2-9A40-C7B0170847BA}.Debug|x86.Build.0 = Debug|Win32
		{886913B7-8B74-4CD2-9A40-C7B0170847BA}.Release|x64.ActiveCfg = Release|x64
		{886913B7-8B74-4CD2-9A40-C7B0170847BA}.Release|x64.Build.0 = Release|x64
		{886913B7-8B74-4CD2-9A40-C7B0170847BA}.Release|x86.ActiveCfg = Release|Win32
		{886913B7-8B74-4CD2-9A40-C7B0170847BA}.Release|x86.Build.0 = Release|Win32
		{CB08A48C-0B08-4D51-8DAA-93E3A926864C}.Debug|x64.ActiveCfg = Debug|x64
		{CB08A48C-0B08-4D51-8DAA-93E3A926864C}.Debug|x64.Build.0 = Debug|x64
		{CB08A48C-0B08-4D51-8DAA-93E3A926864C}.Debug|x86.ActiveCfg = Debug|Win32
		{CB08A48C-0B08-4D51-8DAA-93E3A926864C}.Debug|x86.Build.0 = Debug|Win32
		{CB08A48C-0B08-4D51-8DAA-93E3A926864C}.Release|x64.ActiveCfg = Release|x64
		{CB08A48C-0B08-4D51-8DAA-93E3A926864C}.Release|x64.Build.0 = Release|x64
		{CB08A48C-0B08-4D51-8DAA-93E3A926864C}.Release|x86.ActiveCfg = Release|Win32
		{CB08A48C-0B08-4D51-8DAA-93E3A926864C}.Release|x86.Build.0 = Release|Win32
		{9390FAA8-DB0A-4E95-AE16-679575EDD611}.Debug|x64.ActiveCfg = Debug|Win32
		{9390FAA8-DB0A-4E95-AE16-679575EDD611}.Debug|x86.ActiveCfg = Debug|Win32
		{9390FAA8-DB0A-4E95-AE16-679575EDD611}.Debug|x86.Build.0 = Debug|Win32
		{9390FAA8-DB0A-4E95-AE16-679575EDD611}.Release|x64.ActiveCfg = Release|Win32
		{9390FAA8-DB0A-4E95-AE16-679575EDD611}.Release|x86.ActiveCfg = Release|Win32
		{9390FAA8-DB0A-4E95-AE16-679575EDD611}.Release|x86.Build.0 = Release|Win32
		{B73E79A6-AD65-4652-A03D-525EF231909B}.Debug|x64.ActiveCfg = Debug|x64
		{B73E79A6-AD65-4652-A03D-525EF231909B}.Debug|x64.Build.0 = Debug|x64
		{B73E79A6-AD65-4652-A03D-525EF231909B}.Debug|x86.ActiveCfg = Debug|Win32
		{B73E79A6-AD65-4652-A03D-525EF231909B}.Debug|x86.Build.0 = Debug|Win32
		{B73E79A6-AD65-4652-A03D-525EF231909B}.Release|x64.ActiveCfg = Release|x64
		{B73E79A6-AD65-4652-A03D-525EF231909B}.Release|x64.Build.0 = Release|x64
		{B73E79A6-AD65-4652-A03D-525EF231909B}.Release|x86.ActiveCfg = Release|Win32
		{B73E79A6-AD65-4652-A03D-525EF231909B}.Release|x86.Build.0 = Release|Win32
		{898D8F58-A72E-432E-AC89-F3FD1139E0A0}.Debug|x64.ActiveCfg = Debug|x64
		{898D8F58-A72E-432E-AC89-F3FD1139E0A0}.Debug|x64.Build.0 = Debug|x64
		{898D8F58-A72E-432E-AC89-F3FD1139E0A0}.Debug|x86.ActiveCfg = Debug|Win32
		{898D8F58-A72E-432E-AC89-F3FD1139E0A0}.Debug|x86.Build.0 = Debug|Win32
		{898D8F58-A72E-432E-AC89-F3FD1139E0A0}.Release|x64.ActiveCfg = Release|x64
		{898D8F58-A72E-432E-AC89-F3FD1139E0A0}.Release|x64.Build.0 = Release|x64
		{898D8F58-A72E-432E-AC89-F3FD1139E0A0}.Release|x86.ActiveCfg = Release|Win32
		{898D8F58-A72E-432E-AC89-F3FD1139E0A0}.Release|x86.Build.0 = Release|Win32
		{E4F452D2-4EC2-4D45-8C42-6D5BC935047E}.Debug|x64.ActiveCfg = Debug|x64
		{E4F452D2-4EC2-4D45-8C42-6D5BC935047E}.Debug|x64.Build.0 = Debug|x64
		{E4F452D2-4EC2-4D45-8C42-6D5BC935047E}.Debug|x86.ActiveCfg = Debug|Win32
		{E4F452D2-4EC2-4D45-8C42-6D5BC935047E}.Debug|x86.Build.0 = Debug|Win32
		{E4F452D2-4EC2-4D45-8C42-6D5BC935047E}.Release|x64.ActiveCfg = Release|x64
		{E4F452D2-4EC2-4D45-8C42-6D5BC935047E}.Release|x64.Build.0 = Release|x64
		{E4F452D2-4EC2-4D45-8C42-6D5BC935047E}.Release|x86.ActiveCfg = Release|Win32
		{E4F452D2-4EC2-4D45-8C42-6D5BC935047E}.Release|x86.Build.0 = Release|Win32
		{A73397F5-C46C-4BDE-B63F-936BFDD89CA1}.Debug|x64.ActiveCfg = Debug|x64
		{A73397F5-C46C-4BDE-B63F-936BFDD89CA1}.Debug|x64.Build.0 = Debug|x64
		{A73397F5-C46C-4BDE-B63F-936BFDD89CA1}.Debug|x86.ActiveCfg = Debug|Win32
		{A73397F5-C46C-4BDE-B63F-936BFDD89CA1}.Debug|x86.Build.0 = Debug|Win32
		{A73397F5-C46C-4BDE-B63F-936BFDD89CA1}.Release|x64.ActiveCfg = Release|x64
		{A73397F5-C46C-4BDE-B63F-936BFDD89CA1}.Release|x64.Build.0 = Release|x64
		{A73397F5-C46C-4BDE-B63F-936BFDD89CA1}.Release|x86.ActiveCfg = Release|Win32
		{A73397F5-C46C-4BDE-B63F-936BFDD89CA1}.Release|x86.Build.0 = Release|Win32
		{4681FBF7-0D96-496B-8BD3-BFD0DE420EEC}.Debug|x64.ActiveCfg = Debug|x64
		{4681FBF7-0D96-496B-8BD3-BFD0DE420EEC}.Debug|x64.Build.0 = Debug|x64
		{4681FBF7-0D96-496B-8BD3-BFD0DE420EEC}.Debug|x86.ActiveCfg = Debug|Win32
		{4681FBF7-0D96-496B-8BD3-BFD0DE420EEC}.Debug|x86.Build.0 = Debug|Win32
		{4681FBF7-0D96-496B-8BD3-BFD0DE420EEC}.Release|x64.ActiveCfg = Release|x64
		{4681FBF7-0D96-496B-8BD3-BFD0DE420EEC}.Release|x64.Build.0 = Release|x64
		{4681FBF7-0D96-496B-8BD3-BFD0DE420EEC}.Release|x86.ActiveCfg = Release|Win32
		{4681FBF7-0D96-496B-8BD3-BFD0DE420EEC}.Release|x86.Build.0 = Release|Win32
		{EE9E9D6E-BE7C-4465-9100-39A2546D882C}.Debug|x64.ActiveCfg = Debug|x64
		{EE9E9D6E-BE7C-4465-9100-39A2546D882C}.Debug|x64.Build.0 = Debug|x64
		{EE9E9D6E-BE7C-4465-9100-39A2546D882C}.Debug|x86.ActiveCfg = Debug|Win32
		{EE9E9D6E-BE7C-4465-9100-39A2546D882C}.Debug|x86.Build.0 = Debug|Win32
		{EE9E9D6E-BE7C-4465-9100-39A2546D882C}.Release|x64.ActiveCfg = Release|x64
		{EE9E9D6E-BE7C-4465-9100-39A2546D882C}.Release|x64.Build.0 = Release|x64
		{EE9E9D6E-BE7C-4465-9100-39A2546D882C}.Release|x86.ActiveCfg = Release|Win32
		{EE9E9D6E-BE7C-4465-9100-39A2546D882C}.Release|x86.Build.0 = Release|Win32
		{B48861C9-F483-4ED9-A9A6-F18EE0A42856}.Debug|x64.ActiveCfg = Debug|x64
		{B48861C9-F483-4ED9-A9A6-F18EE0A42856}.Debug|x64.Build.0 = Debug|x64
		{B48861C9-F483-4ED9-A9A6-F18EE0A42856}.Debug|x86.ActiveCfg = Debug|Win32
		{B48861C9-F483-4ED9-A9A6-F18EE0A42856}.Debug|x86.Build.0 = Debug|Win32
		{B48861C9-F483-4ED9-A9A6-F18EE0A42856}.Release|x64.ActiveCfg = Release|x64
		{B48861C9-F483-4ED9-A9A6-F18EE0A42856}.Release|x64.Build.0 = Release|x64
		{B48861C9-F483-4ED9-A9A6-F18EE0A42856}.Release|x86.ActiveCfg = Release|Win32
		{B48861C9-F483-4ED9-A9A6-F18EE0A42856}.Release|x86.Build.0 = Release|Win32
		{8E0BD2CA-1696-407F-B23F-E1FBBEC79CD5}.Debug|x64.ActiveCfg = Debug|x64
		{8E0BD2CA-1696-407F-B23F-E1FBBEC79CD5}.Debug|x64.Build.0 = Debug|x64
		{8E0BD2CA-1696-407F-B23F-E1FBBEC79CD5}.Debug|x86.ActiveCfg = Debug|Win32
		{8E0BD2CA-1696-407F-B23F-E1FBBEC79CD5}.Debug|x86.Build.0 = Debug|Win32
		{8E0BD2CA-1696-407F-B23F-E1FBBEC79CD5}.Release|x64.ActiveCfg = Release|x64
		{8E0BD2CA-1696-407F-B23F-E1FBBEC79CD5}.Release|x64.Build.0 = Release|x64
		{8E0BD2CA-1696-407F-B23F-E1FBBEC79CD5}.Release|x86.ActiveCfg = Release|Win32
		{8E0BD2CA-1696-407F-B23F-E1FBBEC79CD5}.Release|x86.Build.0 = Release|Win32
		{7BC0A987-0EC4-4563-A14C-BCB935F1DD54}.Debug|x64.ActiveCfg = Debug|x64
		{7BC0A987-0EC4-4563-A14C-BCB935F1DD54}.Debug|x64.Build.0 = Debug|x64
		{7BC0A987-0EC4-4563-A14C-BCB935F1DD54}.Debug|x86.ActiveCfg = Debug|Win32
		{7BC0A987-0EC4-4563-A14C-BCB935F1DD54}.Debug|x86.Build.0 = Debug|Win32
		{7BC0A987-0EC4-4563-A14C-BCB935F1DD54}.Release|x64.ActiveCfg = Release|x64
		{7BC0A987-0EC4-4563-A14C-BCB935F1DD54}.Release|x64.Build.0 = Release|x64
		{7BC0A987-0EC4-4563-A14C-BCB935F1DD54}.Release|x86.ActiveCfg = Release|Win32
		{7BC0A987-0EC4-4563-A14C-BCB935F1DD54}.Release|x86.Build.0 = Release|Win32
		{2BBA661F-E2DA-4C4D-8FD3-1CB8996DA379}.Debug|x64.ActiveCfg = Debug|x64
		{2BBA661F-E2DA-4C4D-8FD3-1CB8996DA379}.Debug|x64.Build.0 = Debug|x64
		{2BBA661F-E2DA-4C4D-8FD3-1CB8996DA379}.Debug|x86.ActiveCfg = Debug|Win32
		{2BBA661F-E2DA-4C4D-8FD3-1CB8996DA379}.Debug|x86.Build.0 = Debug|Win32
		{2BBA661F-E2DA-4C4D-8FD3-1CB8996DA379}.Release|x64.ActiveCfg = Release|x64
		{2BBA661F-E2DA-4C4D-8FD3-1CB8996DA379}.Release|x64.Build.0 = Release|x64
		{2BBA661F-E2DA-4C4D-8FD3-1CB8996DA379}.Release|x86.ActiveCfg = Release|Win32
		{2BBA661F-E2DA-4C4D-8FD3-1CB8996DA379}.Release|x86.Build.0 = Release|Win32
		{99E3B80C-065F-4315-84AD-4424E933EAF8}.Debug|x64.ActiveCfg = Debug|x64
		{99E3B80C-065F-4315-84AD-4424E933EAF8}.Debug|x64.Build.0 = Debug|x64
		{99E3B80C-065F-4315-84AD-4424E933EAF8}.Debug|x86.ActiveCfg = Debug|Win32
		{99E3B80C-065F-4315-84AD-4424E933EAF8}.Debug|x86.Build.0 = Debug|Win32
		{99E3B80C-065F-4315-84AD-4424E933EAF8}.Release|x64.ActiveCfg = Release|x64
		{99E3B80C-065F-4315-84AD-4424E933EAF8}.Release|x64.Build.0 = Release|x64
		{99E3B80C-065F-4315-84AD-4424E933EAF8}.Release|x86.ActiveCfg = Release|Win32
		{99E3B80C-065F-4315-84AD-4424E933EAF8}.Release|x86.Build.0 = Release|Win32
		{6EFFAAD0-CB86-440B-B8B1-3FC14FEE1C80}.Debug|x64.ActiveCfg = Debug|x64
		{6EFFAAD0-CB86-440B-B8B1-3FC14FEE1C80}.Debug|x64.Build.0 = Debug|x64
		{6EFFAAD0-CB86-440B-B8B1-3FC14FEE1C80}.Debug|x86.ActiveCfg = Debug|Win32
		{6EFFAAD0-CB86-440B-B8B1-3FC14FEE1C80}.Debug|x86.Build.0 = Debug|Win32
		{6EFFAAD0-CB86-440B-B8B1-3FC14FEE1C80}.Release|x64.ActiveCfg = Release|x64
		{6EFFAAD0-CB86-440B-B8B1-3FC14FEE1C80}.Release|x64.Build.0 = Release|x64
		{6EFFAAD0-CB86-440B-B8B1-3FC14FEE1C80}.Release|x86.ActiveCfg = Release|Win32
		{6EFFAAD0-CB86-440B-B8B1-3FC14FEE1C80}.Release|x86.Build.0 = Release|Win32
		{9D2B39F7-9B48-49A8-BF77-A386ADD0A806}.Debug|x64.ActiveCfg = Debug|x64
		{9D2B39F7-9B48-49A8-BF77-A386ADD0A806}.Debug|x64.Build.0 = Debug|x64
		{9D2B39F7-9B48-49A8-BF77-A386ADD0A806}.Debug|x86.ActiveCfg = Debug|Win32
		{9D2B39F7-9B48-49A8-BF77-A386ADD0A806}.Debug|x86.Build.0 = Debug|Win32
		{9D2B39F7-9B48-49A8-BF77-A386ADD0A806}.Release|x64.ActiveCfg = Release|x64
		{9D2B39F7-9B48-49A8-BF77-A386ADD0A806}.Release|x64.Build.0 = Release|x64
		{9D2B39F7-9B48-49A8-BF77-A386ADD0A806}.Release|x86.ActiveCfg = Release|Win32
		{9D2B39F7-9B48-49A8-BF77-A386ADD0A806}.Release|x86.Build.0 = Release|Win32
		{56E9F1D1-3584-4D08-9F33-FA53AFCD404E}.Debug|x64.ActiveCfg = Debug|x64
		{56E9F1D1-3584-4D08-9F33-FA53AFCD404E}.Debug|x64.Build.0 = Debug|x64
		{56E9F1D1-3584-4D08-9F33-FA53AFCD404E}.Debug|x86.ActiveCfg = Debug|Win32
		{56E9F1D1-3584-4D08-9F33-FA53AFCD404E}.Debug|x86.Build.0 = Debug|Win32
		{56E9F1D1-3584-4D08-9F33-FA53AFCD404E}.Release|x64.ActiveCfg = Release|x64
		{56E9F1D1-3584-4D08-9F33-FA53AFCD404E}.Release|x64.Build.0 = Release|x64
		{56E9F1D1-3584-4D08-9F33-FA53AFCD404E}.Release|x86.ActiveCfg = Release|Win32
		{56E9F1D1-3584-4D08-9F33-FA53AFCD404E}.Release|x86.Build.0 = Release|Win32
	EndGlobalSection
	GlobalSection(SolutionProperties) = preSolution
		HideSolutionNode = FALSE
	EndGlobalSection
	GlobalSection(NestedProjects) = preSolution
		{D80B83D5-BA94-4FD9-A199-16CAEA892DE5} = {7D99400E-B5C5-4573-BFD1-92B8326C0833}
		{5D92115B-0F5D-457F-B926-3CA969CB9B64} = {9CB386CA-3F38-4693-AFFB-0B2BEFB0284B}
		{0E9631F9-0A40-42DC-9C4F-AFA1327D0E2A} = {A6838175-BA3B-44D9-9C9A-DC81F8AF6AC6}
		{1CB90BBA-6890-45A4-A0B3-1D83CAB33B52} = {7D99400E-B5C5-4573-BFD1-92B8326C0833}
		{6E4180D1-1745-4089-8E20-4E84B38BE3C5} = {ED05B8CD-467A-4109-9AE0-F6E29A141E3B}
		{886913B7-8B74-4CD2-9A40-C7B0170847BA} = {A6838175-BA3B-44D9-9C9A-DC81F8AF6AC6}
		{CB08A48C-0B08-4D51-8DAA-93E3A926864C} = {A6838175-BA3B-44D9-9C9A-DC81F8AF6AC6}
		{9390FAA8-DB0A-4E95-AE16-679575EDD611} = {7D99400E-B5C5-4573-BFD1-92B8326C0833}
		{B73E79A6-AD65-4652-A03D-525EF231909B} = {A6838175-BA3B-44D9-9C9A-DC81F8AF6AC6}
		{898D8F58-A72E-432E-AC89-F3FD1139E0A0} = {A6838175-BA3B-44D9-9C9A-DC81F8AF6AC6}
		{E4F452D2-4EC2-4D45-8C42-6D5BC935047E} = {ADC7F08A-6D29-4AEC-80D1-CB717D507DC2}
		{ADC7F08A-6D29-4AEC-80D1-CB717D507DC2} = {9CB386CA-3F38-4693-AFFB-0B2BEFB0284B}
		{A73397F5-C46C-4BDE-B63F-936BFDD89CA1} = {ADC7F08A-6D29-4AEC-80D1-CB717D507DC2}
		{4681FBF7-0D96-496B-8BD3-BFD0DE420EEC} = {263764B5-BC9A-463E-B2B1-4F0B03DD86A6}
		{263764B5-BC9A-463E-B2B1-4F0B03DD86A6} = {A6838175-BA3B-44D9-9C9A-DC81F8AF6AC6}
		{25B64ADA-438B-4EDD-B597-C4ED294D375C} = {A6838175-BA3B-44D9-9C9A-DC81F8AF6AC6}
		{EE9E9D6E-BE7C-4465-9100-39A2546D882C} = {25B64ADA-438B-4EDD-B597-C4ED294D375C}
		{B48861C9-F483-4ED9-A9A6-F18EE0A42856} = {263764B5-BC9A-463E-B2B1-4F0B03DD86A6}
		{8E0BD2CA-1696-407F-B23F-E1FBBEC79CD5} = {263764B5-BC9A-463E-B2B1-4F0B03DD86A6}
		{7BC0A987-0EC4-4563-A14C-BCB935F1DD54} = {9CB386CA-3F38-4693-AFFB-0B2BEFB0284B}
		{2BBA661F-E2DA-4C4D-8FD3-1CB8996DA379} = {263764B5-BC9A-463E-B2B1-4F0B03DD86A6}
		{99E3B80C-065F-4315-84AD-4424E933EAF8} = {9CB386CA-3F38-4693-AFFB-0B2BEFB0284B}
		{6EFFAAD0-CB86-440B-B8B1-3FC14FEE1C80} = {9CB386CA-3F38-4693-AFFB-0B2BEFB0284B}
		{5FEDAAE4-1602-46A6-81EC-7812AD9BFD90} = {A6838175-BA3B-44D9-9C9A-DC81F8AF6AC6}
		{9D2B39F7-9B48-49A8-BF77-A386ADD0A806} = {5FEDAAE4-1602-46A6-81EC-7812AD9BFD90}
		{56E9F1D1-3584-4D08-9F33-FA53AFCD404E} = {9CB386CA-3F38-4693-AFFB-0B2BEFB0284B}
	EndGlobalSection
	GlobalSection(ExtensibilityGlobals) = postSolution
		SolutionGuid = {0C5395B3-99E4-49E6-9943-488DC8B01AB6}
	EndGlobalSection
EndGlobal
