
Microsoft Visual Studio Solution File, Format Version 10.00
# Visual Studio 2008
Project("{8BC9CEB8-8B4A-11D0-8D11-00A0C91BC942}") = "开发测试_vs2008", "开发测试_vs2008.vcproj", "{95679FDD-96A5-4338-B562-119466CB1992}"
EndProject
Project("{8BC9CEB8-8B4A-11D0-8D11-00A0C91BC942}") = "gitWindowsStatus", "..\gitWindowsStatus\gitWindowsStatus.vcproj", "{2A012880-64A7-4925-859A-4909C9E836CF}"
EndProject
Project("{8BC9CEB8-8B4A-11D0-8D11-00A0C91BC942}") = "GetCPUNumber", "..\GetCPUNumber\GetCPUNumber.vcproj", "{47628228-2A70-47FE-B78C-4044DB88B4D0}"
EndProject
Project("{8BC9CEB8-8B4A-11D0-8D11-00A0C91BC942}") = "GetDominName", "..\GetDominName\GetDominName.vcproj", "{43303E04-CA1F-4DE6-8753-1AB09EDBB651}"
EndProject
Project("{8BC9CEB8-8B4A-11D0-8D11-00A0C91BC942}") = "GetChdFileByPath", "..\GetChdFileByPath\GetChdFileByPath.vcproj", "{F16B056E-01D8-41F1-A07B-AA694EE0C64E}"
EndProject
Project("{2150E333-8FDC-42A3-9474-1A3956D46DE8}") = "Win32API", "Win32API", "{B5742FE8-7555-448F-A12D-A209BD704965}"
EndProject
Project("{8BC9CEB8-8B4A-11D0-8D11-00A0C91BC942}") = "EnterInEachSys", "..\EnterInEachSys\EnterInEachSys.vcproj", "{8E12153B-1A47-41B7-9C93-B5948A2602C1}"
EndProject
Project("{2150E333-8FDC-42A3-9474-1A3956D46DE8}") = "Qt", "Qt", "{1A21FEF6-6F1D-43DD-A25B-AE6E65FC027F}"
EndProject
Project("{8BC9CEB8-8B4A-11D0-8D11-00A0C91BC942}") = "qt_EnterKey", "..\qt_EnterKey\qt_EnterKey.vcproj", "{94A82D40-513A-400D-BCCA-5CEBCCF5F388}"
EndProject
Project("{8BC9CEB8-8B4A-11D0-8D11-00A0C91BC942}") = "RegOpenKey", "..\RegOpenKey\RegOpenKey.vcproj", "{AC319555-1A4F-4D61-B9AD-E7903338D01A}"
EndProject
Project("{8BC9CEB8-8B4A-11D0-8D11-00A0C91BC942}") = "QT_KeyBoard_Test", "..\QT_KeyBoard_Test\QT_KeyBoard_Test.vcproj", "{188E5272-F8CB-48C8-B4CC-9829965CC296}"
EndProject
Project("{8BC9CEB8-8B4A-11D0-8D11-00A0C91BC942}") = "GetNetInfo", "..\GetNetInfo\GetNetInfo.vcproj", "{93759A4E-7E46-4ECA-9039-93253908DA6D}"
EndProject
Project("{8BC9CEB8-8B4A-11D0-8D11-00A0C91BC942}") = "get_FirewallEnabled", "..\get_FirewallEnabled\get_FirewallEnabled.vcproj", "{5A8CE395-4F9E-47F6-AE36-C9AEE121EFB2}"
EndProject
Project("{2150E333-8FDC-42A3-9474-1A3956D46DE8}") = "完整类", "完整类", "{98EEA166-50F8-42CE-8C94-1B5A00366411}"
EndProject
Project("{8BC9CEB8-8B4A-11D0-8D11-00A0C91BC942}") = "IoBuf", "..\IoBuf\IoBuf.vcproj", "{4441E89E-A7FC-42D7-BF59-EAF70378C4D3}"
EndProject
Project("{8BC9CEB8-8B4A-11D0-8D11-00A0C91BC942}") = "GetUSN", "..\GetUSN\GetUSN.vcproj", "{90808C26-567A-40A7-9964-5F6D3E19CC47}"
EndProject
Project("{8BC9CEB8-8B4A-11D0-8D11-00A0C91BC942}") = "WmicGetProcess", "..\WmicGetProcess\WmicGetProcess.vcproj", "{402F885C-DFA4-4B5E-90F2-3FC421623CE7}"
EndProject
Project("{8BC9CEB8-8B4A-11D0-8D11-00A0C91BC942}") = "IsNetFilePathExist", "..\IsNetFilePathExist\IsNetFilePathExist.vcproj", "{C07379BB-C424-4299-8AAD-F5DDAE307C6D}"
EndProject
Project("{8BC9CEB8-8B4A-11D0-8D11-00A0C91BC942}") = "RegType", "..\RegType\RegType.vcproj", "{859F3760-69B5-46AB-BB9A-5A546563582A}"
EndProject
Project("{2150E333-8FDC-42A3-9474-1A3956D46DE8}") = "EasyC", "EasyC", "{34E89613-0E84-4638-AF7D-05FFAAF2C2FF}"
EndProject
Project("{8BC9CEB8-8B4A-11D0-8D11-00A0C91BC942}") = "break_test", "..\break_test\break_test.vcproj", "{66171913-B29C-4F7C-8EB3-6343ABB78D3E}"
EndProject
Project("{2150E333-8FDC-42A3-9474-1A3956D46DE8}") = "网络编程", "网络编程", "{49631D7C-B9C8-4C98-8225-31346A7D4EFE}"
EndProject
Project("{8BC9CEB8-8B4A-11D0-8D11-00A0C91BC942}") = "client", "..\client\client.vcproj", "{BF170776-F26B-4599-BBC7-C027A9DF3BA0}"
EndProject
Project("{8BC9CEB8-8B4A-11D0-8D11-00A0C91BC942}") = "server", "..\server\server.vcproj", "{655A51AF-6C89-4E8C-BACF-0A7FC2460C75}"
EndProject
Project("{2150E333-8FDC-42A3-9474-1A3956D46DE8}") = "STL", "STL", "{EF2B8E8B-C32A-4741-ADB9-3083957B411D}"
EndProject
Project("{8BC9CEB8-8B4A-11D0-8D11-00A0C91BC942}") = "set", "..\set\set.vcproj", "{3E86FC9F-2963-444C-8ABC-03D515918E76}"
EndProject
Global
	GlobalSection(SolutionConfigurationPlatforms) = preSolution
		Debug|Win32 = Debug|Win32
		Debug|x64 = Debug|x64
		Release|Win32 = Release|Win32
		Release|x64 = Release|x64
	EndGlobalSection
	GlobalSection(ProjectConfigurationPlatforms) = postSolution
		{95679FDD-96A5-4338-B562-119466CB1992}.Debug|Win32.ActiveCfg = Debug|Win32
		{95679FDD-96A5-4338-B562-119466CB1992}.Debug|Win32.Build.0 = Debug|Win32
		{95679FDD-96A5-4338-B562-119466CB1992}.Debug|x64.ActiveCfg = Debug|x64
		{95679FDD-96A5-4338-B562-119466CB1992}.Debug|x64.Build.0 = Debug|x64
		{95679FDD-96A5-4338-B562-119466CB1992}.Release|Win32.ActiveCfg = Release|Win32
		{95679FDD-96A5-4338-B562-119466CB1992}.Release|Win32.Build.0 = Release|Win32
		{95679FDD-96A5-4338-B562-119466CB1992}.Release|x64.ActiveCfg = Release|x64
		{95679FDD-96A5-4338-B562-119466CB1992}.Release|x64.Build.0 = Release|x64
		{2A012880-64A7-4925-859A-4909C9E836CF}.Debug|Win32.ActiveCfg = Debug|Win32
		{2A012880-64A7-4925-859A-4909C9E836CF}.Debug|Win32.Build.0 = Debug|Win32
		{2A012880-64A7-4925-859A-4909C9E836CF}.Debug|x64.ActiveCfg = Debug|x64
		{2A012880-64A7-4925-859A-4909C9E836CF}.Debug|x64.Build.0 = Debug|x64
		{2A012880-64A7-4925-859A-4909C9E836CF}.Release|Win32.ActiveCfg = Release|Win32
		{2A012880-64A7-4925-859A-4909C9E836CF}.Release|Win32.Build.0 = Release|Win32
		{2A012880-64A7-4925-859A-4909C9E836CF}.Release|x64.ActiveCfg = Release|x64
		{2A012880-64A7-4925-859A-4909C9E836CF}.Release|x64.Build.0 = Release|x64
		{47628228-2A70-47FE-B78C-4044DB88B4D0}.Debug|Win32.ActiveCfg = Debug|Win32
		{47628228-2A70-47FE-B78C-4044DB88B4D0}.Debug|Win32.Build.0 = Debug|Win32
		{47628228-2A70-47FE-B78C-4044DB88B4D0}.Debug|x64.ActiveCfg = Debug|x64
		{47628228-2A70-47FE-B78C-4044DB88B4D0}.Debug|x64.Build.0 = Debug|x64
		{47628228-2A70-47FE-B78C-4044DB88B4D0}.Release|Win32.ActiveCfg = Release|Win32
		{47628228-2A70-47FE-B78C-4044DB88B4D0}.Release|Win32.Build.0 = Release|Win32
		{47628228-2A70-47FE-B78C-4044DB88B4D0}.Release|x64.ActiveCfg = Release|x64
		{47628228-2A70-47FE-B78C-4044DB88B4D0}.Release|x64.Build.0 = Release|x64
		{43303E04-CA1F-4DE6-8753-1AB09EDBB651}.Debug|Win32.ActiveCfg = Debug|Win32
		{43303E04-CA1F-4DE6-8753-1AB09EDBB651}.Debug|Win32.Build.0 = Debug|Win32
		{43303E04-CA1F-4DE6-8753-1AB09EDBB651}.Debug|x64.ActiveCfg = Debug|x64
		{43303E04-CA1F-4DE6-8753-1AB09EDBB651}.Debug|x64.Build.0 = Debug|x64
		{43303E04-CA1F-4DE6-8753-1AB09EDBB651}.Release|Win32.ActiveCfg = Release|Win32
		{43303E04-CA1F-4DE6-8753-1AB09EDBB651}.Release|Win32.Build.0 = Release|Win32
		{43303E04-CA1F-4DE6-8753-1AB09EDBB651}.Release|x64.ActiveCfg = Release|x64
		{43303E04-CA1F-4DE6-8753-1AB09EDBB651}.Release|x64.Build.0 = Release|x64
		{F16B056E-01D8-41F1-A07B-AA694EE0C64E}.Debug|Win32.ActiveCfg = Debug|Win32
		{F16B056E-01D8-41F1-A07B-AA694EE0C64E}.Debug|Win32.Build.0 = Debug|Win32
		{F16B056E-01D8-41F1-A07B-AA694EE0C64E}.Debug|x64.ActiveCfg = Debug|Win32
		{F16B056E-01D8-41F1-A07B-AA694EE0C64E}.Release|Win32.ActiveCfg = Release|Win32
		{F16B056E-01D8-41F1-A07B-AA694EE0C64E}.Release|Win32.Build.0 = Release|Win32
		{F16B056E-01D8-41F1-A07B-AA694EE0C64E}.Release|x64.ActiveCfg = Release|Win32
		{F16B056E-01D8-41F1-A07B-AA694EE0C64E}.Release|x64.Build.0 = Release|Win32
		{8E12153B-1A47-41B7-9C93-B5948A2602C1}.Debug|Win32.ActiveCfg = Debug|Win32
		{8E12153B-1A47-41B7-9C93-B5948A2602C1}.Debug|Win32.Build.0 = Debug|Win32
		{8E12153B-1A47-41B7-9C93-B5948A2602C1}.Debug|x64.ActiveCfg = Debug|Win32
		{8E12153B-1A47-41B7-9C93-B5948A2602C1}.Release|Win32.ActiveCfg = Release|Win32
		{8E12153B-1A47-41B7-9C93-B5948A2602C1}.Release|Win32.Build.0 = Release|Win32
		{8E12153B-1A47-41B7-9C93-B5948A2602C1}.Release|x64.ActiveCfg = Release|Win32
		{8E12153B-1A47-41B7-9C93-B5948A2602C1}.Release|x64.Build.0 = Release|Win32
		{94A82D40-513A-400D-BCCA-5CEBCCF5F388}.Debug|Win32.ActiveCfg = Debug|Win32
		{94A82D40-513A-400D-BCCA-5CEBCCF5F388}.Debug|Win32.Build.0 = Debug|Win32
		{94A82D40-513A-400D-BCCA-5CEBCCF5F388}.Debug|x64.ActiveCfg = Debug|Win32
		{94A82D40-513A-400D-BCCA-5CEBCCF5F388}.Release|Win32.ActiveCfg = Release|Win32
		{94A82D40-513A-400D-BCCA-5CEBCCF5F388}.Release|Win32.Build.0 = Release|Win32
		{94A82D40-513A-400D-BCCA-5CEBCCF5F388}.Release|x64.ActiveCfg = Release|Win32
		{AC319555-1A4F-4D61-B9AD-E7903338D01A}.Debug|Win32.ActiveCfg = Debug|Win32
		{AC319555-1A4F-4D61-B9AD-E7903338D01A}.Debug|Win32.Build.0 = Debug|Win32
		{AC319555-1A4F-4D61-B9AD-E7903338D01A}.Debug|x64.ActiveCfg = Debug|Win32
		{AC319555-1A4F-4D61-B9AD-E7903338D01A}.Release|Win32.ActiveCfg = Release|Win32
		{AC319555-1A4F-4D61-B9AD-E7903338D01A}.Release|Win32.Build.0 = Release|Win32
		{AC319555-1A4F-4D61-B9AD-E7903338D01A}.Release|x64.ActiveCfg = Release|Win32
		{188E5272-F8CB-48C8-B4CC-9829965CC296}.Debug|Win32.ActiveCfg = Debug|Win32
		{188E5272-F8CB-48C8-B4CC-9829965CC296}.Debug|Win32.Build.0 = Debug|Win32
		{188E5272-F8CB-48C8-B4CC-9829965CC296}.Debug|x64.ActiveCfg = Debug|Win32
		{188E5272-F8CB-48C8-B4CC-9829965CC296}.Release|Win32.ActiveCfg = Release|Win32
		{188E5272-F8CB-48C8-B4CC-9829965CC296}.Release|Win32.Build.0 = Release|Win32
		{188E5272-F8CB-48C8-B4CC-9829965CC296}.Release|x64.ActiveCfg = Release|Win32
		{93759A4E-7E46-4ECA-9039-93253908DA6D}.Debug|Win32.ActiveCfg = Debug|Win32
		{93759A4E-7E46-4ECA-9039-93253908DA6D}.Debug|Win32.Build.0 = Debug|Win32
		{93759A4E-7E46-4ECA-9039-93253908DA6D}.Debug|x64.ActiveCfg = Debug|Win32
		{93759A4E-7E46-4ECA-9039-93253908DA6D}.Release|Win32.ActiveCfg = Release|Win32
		{93759A4E-7E46-4ECA-9039-93253908DA6D}.Release|Win32.Build.0 = Release|Win32
		{93759A4E-7E46-4ECA-9039-93253908DA6D}.Release|x64.ActiveCfg = Release|Win32
		{5A8CE395-4F9E-47F6-AE36-C9AEE121EFB2}.Debug|Win32.ActiveCfg = Debug|Win32
		{5A8CE395-4F9E-47F6-AE36-C9AEE121EFB2}.Debug|Win32.Build.0 = Debug|Win32
		{5A8CE395-4F9E-47F6-AE36-C9AEE121EFB2}.Debug|x64.ActiveCfg = Debug|Win32
		{5A8CE395-4F9E-47F6-AE36-C9AEE121EFB2}.Release|Win32.ActiveCfg = Release|Win32
		{5A8CE395-4F9E-47F6-AE36-C9AEE121EFB2}.Release|Win32.Build.0 = Release|Win32
		{5A8CE395-4F9E-47F6-AE36-C9AEE121EFB2}.Release|x64.ActiveCfg = Release|x64
		{5A8CE395-4F9E-47F6-AE36-C9AEE121EFB2}.Release|x64.Build.0 = Release|x64
		{4441E89E-A7FC-42D7-BF59-EAF70378C4D3}.Debug|Win32.ActiveCfg = Debug|Win32
		{4441E89E-A7FC-42D7-BF59-EAF70378C4D3}.Debug|Win32.Build.0 = Debug|Win32
		{4441E89E-A7FC-42D7-BF59-EAF70378C4D3}.Debug|x64.ActiveCfg = Debug|Win32
		{4441E89E-A7FC-42D7-BF59-EAF70378C4D3}.Release|Win32.ActiveCfg = Release|Win32
		{4441E89E-A7FC-42D7-BF59-EAF70378C4D3}.Release|Win32.Build.0 = Release|Win32
		{4441E89E-A7FC-42D7-BF59-EAF70378C4D3}.Release|x64.ActiveCfg = Release|Win32
		{90808C26-567A-40A7-9964-5F6D3E19CC47}.Debug|Win32.ActiveCfg = Debug|Win32
		{90808C26-567A-40A7-9964-5F6D3E19CC47}.Debug|Win32.Build.0 = Debug|Win32
		{90808C26-567A-40A7-9964-5F6D3E19CC47}.Debug|x64.ActiveCfg = Debug|Win32
		{90808C26-567A-40A7-9964-5F6D3E19CC47}.Release|Win32.ActiveCfg = Release|Win32
		{90808C26-567A-40A7-9964-5F6D3E19CC47}.Release|Win32.Build.0 = Release|Win32
		{90808C26-567A-40A7-9964-5F6D3E19CC47}.Release|x64.ActiveCfg = Release|Win32
		{402F885C-DFA4-4B5E-90F2-3FC421623CE7}.Debug|Win32.ActiveCfg = Debug|Win32
		{402F885C-DFA4-4B5E-90F2-3FC421623CE7}.Debug|Win32.Build.0 = Debug|Win32
		{402F885C-DFA4-4B5E-90F2-3FC421623CE7}.Debug|x64.ActiveCfg = Debug|Win32
		{402F885C-DFA4-4B5E-90F2-3FC421623CE7}.Release|Win32.ActiveCfg = Release|Win32
		{402F885C-DFA4-4B5E-90F2-3FC421623CE7}.Release|Win32.Build.0 = Release|Win32
		{402F885C-DFA4-4B5E-90F2-3FC421623CE7}.Release|x64.ActiveCfg = Release|Win32
		{C07379BB-C424-4299-8AAD-F5DDAE307C6D}.Debug|Win32.ActiveCfg = Debug|Win32
		{C07379BB-C424-4299-8AAD-F5DDAE307C6D}.Debug|Win32.Build.0 = Debug|Win32
		{C07379BB-C424-4299-8AAD-F5DDAE307C6D}.Debug|x64.ActiveCfg = Debug|Win32
		{C07379BB-C424-4299-8AAD-F5DDAE307C6D}.Release|Win32.ActiveCfg = Release|Win32
		{C07379BB-C424-4299-8AAD-F5DDAE307C6D}.Release|Win32.Build.0 = Release|Win32
		{C07379BB-C424-4299-8AAD-F5DDAE307C6D}.Release|x64.ActiveCfg = Release|Win32
		{859F3760-69B5-46AB-BB9A-5A546563582A}.Debug|Win32.ActiveCfg = Debug|Win32
		{859F3760-69B5-46AB-BB9A-5A546563582A}.Debug|Win32.Build.0 = Debug|Win32
		{859F3760-69B5-46AB-BB9A-5A546563582A}.Debug|x64.ActiveCfg = Debug|Win32
		{859F3760-69B5-46AB-BB9A-5A546563582A}.Release|Win32.ActiveCfg = Release|Win32
		{859F3760-69B5-46AB-BB9A-5A546563582A}.Release|Win32.Build.0 = Release|Win32
		{859F3760-69B5-46AB-BB9A-5A546563582A}.Release|x64.ActiveCfg = Release|Win32
		{66171913-B29C-4F7C-8EB3-6343ABB78D3E}.Debug|Win32.ActiveCfg = Debug|Win32
		{66171913-B29C-4F7C-8EB3-6343ABB78D3E}.Debug|Win32.Build.0 = Debug|Win32
		{66171913-B29C-4F7C-8EB3-6343ABB78D3E}.Debug|x64.ActiveCfg = Debug|Win32
		{66171913-B29C-4F7C-8EB3-6343ABB78D3E}.Release|Win32.ActiveCfg = Release|Win32
		{66171913-B29C-4F7C-8EB3-6343ABB78D3E}.Release|Win32.Build.0 = Release|Win32
		{66171913-B29C-4F7C-8EB3-6343ABB78D3E}.Release|x64.ActiveCfg = Release|Win32
		{66171913-B29C-4F7C-8EB3-6343ABB78D3E}.Release|x64.Build.0 = Release|Win32
		{BF170776-F26B-4599-BBC7-C027A9DF3BA0}.Debug|Win32.ActiveCfg = Debug|Win32
		{BF170776-F26B-4599-BBC7-C027A9DF3BA0}.Debug|Win32.Build.0 = Debug|Win32
		{BF170776-F26B-4599-BBC7-C027A9DF3BA0}.Debug|x64.ActiveCfg = Debug|Win32
		{BF170776-F26B-4599-BBC7-C027A9DF3BA0}.Release|Win32.ActiveCfg = Release|Win32
		{BF170776-F26B-4599-BBC7-C027A9DF3BA0}.Release|Win32.Build.0 = Release|Win32
		{BF170776-F26B-4599-BBC7-C027A9DF3BA0}.Release|x64.ActiveCfg = Release|Win32
		{655A51AF-6C89-4E8C-BACF-0A7FC2460C75}.Debug|Win32.ActiveCfg = Debug|Win32
		{655A51AF-6C89-4E8C-BACF-0A7FC2460C75}.Debug|Win32.Build.0 = Debug|Win32
		{655A51AF-6C89-4E8C-BACF-0A7FC2460C75}.Debug|x64.ActiveCfg = Debug|Win32
		{655A51AF-6C89-4E8C-BACF-0A7FC2460C75}.Release|Win32.ActiveCfg = Release|Win32
		{655A51AF-6C89-4E8C-BACF-0A7FC2460C75}.Release|Win32.Build.0 = Release|Win32
		{655A51AF-6C89-4E8C-BACF-0A7FC2460C75}.Release|x64.ActiveCfg = Release|Win32
		{3E86FC9F-2963-444C-8ABC-03D515918E76}.Debug|Win32.ActiveCfg = Debug|Win32
		{3E86FC9F-2963-444C-8ABC-03D515918E76}.Debug|Win32.Build.0 = Debug|Win32
		{3E86FC9F-2963-444C-8ABC-03D515918E76}.Debug|x64.ActiveCfg = Debug|Win32
		{3E86FC9F-2963-444C-8ABC-03D515918E76}.Release|Win32.ActiveCfg = Release|Win32
		{3E86FC9F-2963-444C-8ABC-03D515918E76}.Release|Win32.Build.0 = Release|Win32
		{3E86FC9F-2963-444C-8ABC-03D515918E76}.Release|x64.ActiveCfg = Release|Win32
	EndGlobalSection
	GlobalSection(SolutionProperties) = preSolution
		HideSolutionNode = FALSE
	EndGlobalSection
	GlobalSection(NestedProjects) = preSolution
		{2A012880-64A7-4925-859A-4909C9E836CF} = {B5742FE8-7555-448F-A12D-A209BD704965}
		{47628228-2A70-47FE-B78C-4044DB88B4D0} = {B5742FE8-7555-448F-A12D-A209BD704965}
		{43303E04-CA1F-4DE6-8753-1AB09EDBB651} = {B5742FE8-7555-448F-A12D-A209BD704965}
		{F16B056E-01D8-41F1-A07B-AA694EE0C64E} = {B5742FE8-7555-448F-A12D-A209BD704965}
		{95679FDD-96A5-4338-B562-119466CB1992} = {B5742FE8-7555-448F-A12D-A209BD704965}
		{AC319555-1A4F-4D61-B9AD-E7903338D01A} = {B5742FE8-7555-448F-A12D-A209BD704965}
		{93759A4E-7E46-4ECA-9039-93253908DA6D} = {B5742FE8-7555-448F-A12D-A209BD704965}
		{5A8CE395-4F9E-47F6-AE36-C9AEE121EFB2} = {B5742FE8-7555-448F-A12D-A209BD704965}
		{402F885C-DFA4-4B5E-90F2-3FC421623CE7} = {B5742FE8-7555-448F-A12D-A209BD704965}
		{C07379BB-C424-4299-8AAD-F5DDAE307C6D} = {B5742FE8-7555-448F-A12D-A209BD704965}
		{859F3760-69B5-46AB-BB9A-5A546563582A} = {B5742FE8-7555-448F-A12D-A209BD704965}
		{8E12153B-1A47-41B7-9C93-B5948A2602C1} = {1A21FEF6-6F1D-43DD-A25B-AE6E65FC027F}
		{94A82D40-513A-400D-BCCA-5CEBCCF5F388} = {1A21FEF6-6F1D-43DD-A25B-AE6E65FC027F}
		{188E5272-F8CB-48C8-B4CC-9829965CC296} = {1A21FEF6-6F1D-43DD-A25B-AE6E65FC027F}
		{4441E89E-A7FC-42D7-BF59-EAF70378C4D3} = {98EEA166-50F8-42CE-8C94-1B5A00366411}
		{90808C26-567A-40A7-9964-5F6D3E19CC47} = {98EEA166-50F8-42CE-8C94-1B5A00366411}
		{66171913-B29C-4F7C-8EB3-6343ABB78D3E} = {34E89613-0E84-4638-AF7D-05FFAAF2C2FF}
		{BF170776-F26B-4599-BBC7-C027A9DF3BA0} = {49631D7C-B9C8-4C98-8225-31346A7D4EFE}
		{655A51AF-6C89-4E8C-BACF-0A7FC2460C75} = {49631D7C-B9C8-4C98-8225-31346A7D4EFE}
		{3E86FC9F-2963-444C-8ABC-03D515918E76} = {EF2B8E8B-C32A-4741-ADB9-3083957B411D}
	EndGlobalSection
EndGlobal
