
Microsoft Visual Studio Solution File, Format Version 12.00
# Visual Studio 15
VisualStudioVersion = 15.0.28307.1585
MinimumVisualStudioVersion = 10.0.40219.1
Project("{8BC9CEB8-8B4A-11D0-8D11-00A0C91BC942}") = "GetIpForwardTable", "..\GetIpForwardTable\GetIpForwardTable.vcxproj", "{715ACD5E-E329-4D06-B0CA-9171C0FE8D71}"
EndProject
Project("{8BC9CEB8-8B4A-11D0-8D11-00A0C91BC942}") = "SingleInstance", "..\SingleInstance\SingleInstance.vcxproj", "{9F07B2A3-A862-4E84-BEFB-E1DFED8289C9}"
EndProject
Project("{8BC9CEB8-8B4A-11D0-8D11-00A0C91BC942}") = "EnumRegKey", "..\EnumRegKey\EnumRegKey.vcxproj", "{F3037B78-0501-451C-B173-9F1F976651CD}"
EndProject
Project("{8BC9CEB8-8B4A-11D0-8D11-00A0C91BC942}") = "EnumRegKeyValue", "..\EnumRegKeyValue\EnumRegKeyValue.vcxproj", "{1CE4092C-7F58-4F6A-B00D-9D0523B3D494}"
EndProject
Project("{8BC9CEB8-8B4A-11D0-8D11-00A0C91BC942}") = "GetRegSubkeyName", "..\GetRegSubkeyName\GetRegSubkeyName.vcxproj", "{176E9F7D-6F24-4A85-BF5A-55167AA743E1}"
EndProject
Project("{8BC9CEB8-8B4A-11D0-8D11-00A0C91BC942}") = "GetSoftInfo", "..\GetSoftInfo\GetSoftInfo.vcxproj", "{ABBC47D1-1011-4775-A9A4-3747C1D50EFB}"
EndProject
Project("{8BC9CEB8-8B4A-11D0-8D11-00A0C91BC942}") = "GetAttribute", "..\GetAttribute\GetAttribute.vcxproj", "{509974AB-9B1C-4703-9A9D-5BC98824CDDC}"
EndProject
Project("{8BC9CEB8-8B4A-11D0-8D11-00A0C91BC942}") = "EnumUserSID", "..\EnumUserSID\EnumUserSID.vcxproj", "{FF9F95BA-D4F6-4B23-A812-C34D6F2AE475}"
EndProject
Project("{8BC9CEB8-8B4A-11D0-8D11-00A0C91BC942}") = "DWORD_length", "..\DWORD_length\DWORD_length.vcxproj", "{7B1B4981-A6A3-4FF2-B50C-11DB3C325613}"
EndProject
Project("{8BC9CEB8-8B4A-11D0-8D11-00A0C91BC942}") = "GetIsDeleteDefaultRot", "..\GetIsDeleteDefaultRot\GetIsDeleteDefaultRot.vcxproj", "{4E37F7D7-DB65-40CE-A1B9-A6462AC792F9}"
EndProject
Project("{8BC9CEB8-8B4A-11D0-8D11-00A0C91BC942}") = "NetUserEnum", "..\NetUserEnum\NetUserEnum.vcxproj", "{8151DB0F-FFC9-4E44-B782-1A8D38B0985E}"
EndProject
Project("{8BC9CEB8-8B4A-11D0-8D11-00A0C91BC942}") = "NetUserGetInfo", "..\NetUserGetInfo\NetUserGetInfo.vcxproj", "{785FB474-10EA-4A51-AA2F-037A900F212B}"
EndProject
Project("{8BC9CEB8-8B4A-11D0-8D11-00A0C91BC942}") = "Toleft", "..\Toleft\Toleft.vcxproj", "{C4B8A172-06F7-4FFB-AAFC-E81C5F6680A4}"
EndProject
Project("{8BC9CEB8-8B4A-11D0-8D11-00A0C91BC942}") = "RegType", "..\RegType\RegType.vcxproj", "{09359848-C17F-4AAA-B869-3B40BB2E4A6E}"
EndProject
Project("{8BC9CEB8-8B4A-11D0-8D11-00A0C91BC942}") = "VirtualClass", "..\VirtualClass\VirtualClass.vcxproj", "{64726B9C-8EE9-4D59-869C-B63DA8C6E938}"
EndProject
Project("{8BC9CEB8-8B4A-11D0-8D11-00A0C91BC942}") = "wsCmp", "..\wsCmp\wsCmp.vcxproj", "{6DA40C4B-EC4F-4A80-AB52-97FF8885FE7B}"
EndProject
Project("{2150E333-8FDC-42A3-9474-1A3956D46DE8}") = "Win32 API", "..\Win32 API", "{C2CB26D9-428C-4050-A883-E02955B52481}"
EndProject
Project("{2150E333-8FDC-42A3-9474-1A3956D46DE8}") = "string", "..\string", "{12FFA287-2FD1-4989-92C5-F9A2828FB1BA}"
EndProject
Project("{8BC9CEB8-8B4A-11D0-8D11-00A0C91BC942}") = "SystemParametersInfo", "..\SystemParametersInfo\SystemParametersInfo.vcxproj", "{6D22547D-8DAD-4373-93A5-533ABDFBDA03}"
EndProject
Project("{8BC9CEB8-8B4A-11D0-8D11-00A0C91BC942}") = "NumberOfCores", "..\NumberOfCores\NumberOfCores.vcxproj", "{741DADDD-19FF-4262-A8AC-3D0C2EC103A3}"
EndProject
Project("{2150E333-8FDC-42A3-9474-1A3956D46DE8}") = "WMI", "..\WMI", "{E13E94C1-3A49-4601-82F6-7C1DC66BD840}"
EndProject
Project("{8BC9CEB8-8B4A-11D0-8D11-00A0C91BC942}") = "WMITest", "..\WMITest\WMITest.vcxproj", "{0899482C-678C-4E01-963C-F5F979DE311D}"
EndProject
Project("{8BC9CEB8-8B4A-11D0-8D11-00A0C91BC942}") = "NetGroupFromUser", "..\NetGroupFromUser\NetGroupFromUser.vcxproj", "{4DD99385-4B17-4BED-8CE3-F78131254413}"
EndProject
Project("{8BC9CEB8-8B4A-11D0-8D11-00A0C91BC942}") = "GetWindowsStatus", "..\GetWindowsStatus\GetWindowsStatus.vcxproj", "{F88221CF-0B38-4DFC-891D-F7F4722B126F}"
EndProject
Project("{8BC9CEB8-8B4A-11D0-8D11-00A0C91BC942}") = "ASMCodeInject", "..\ASMCodeInject\ASMCodeInject.vcxproj", "{E0731A70-0F47-4618-88D9-32C16C44CA16}"
EndProject
Project("{8BC9CEB8-8B4A-11D0-8D11-00A0C91BC942}") = "typeID", "..\typeID\typeID.vcxproj", "{6D35E298-86DE-44A2-AE73-7AD4D4697EB4}"
EndProject
Project("{8BC9CEB8-8B4A-11D0-8D11-00A0C91BC942}") = "GetProcess", "..\GetProcess\GetProcess.vcxproj", "{2A0464DE-9C56-4237-A212-4EED89B67CF7}"
EndProject
Project("{8BC9CEB8-8B4A-11D0-8D11-00A0C91BC942}") = "GetRunDir", "..\GetRunDir\GetRunDir.vcxproj", "{BA74737B-BDB8-4C4C-A2C6-3FAD1B89E5C2}"
EndProject
Project("{2150E333-8FDC-42A3-9474-1A3956D46DE8}") = "C++", "..\C++", "{CC80EB85-58B2-46FE-8C0A-94B39C0F70FE}"
EndProject
Project("{8BC9CEB8-8B4A-11D0-8D11-00A0C91BC942}") = "beginthread", "..\beginthread\beginthread.vcxproj", "{920C968C-4468-4EC9-87EA-FFD5C882D687}"
EndProject
Project("{8BC9CEB8-8B4A-11D0-8D11-00A0C91BC942}") = "CreateProcess", "..\CreateProcess\CreateProcess.vcxproj", "{CBE14696-4F12-45EA-9A21-B7EC681A6E66}"
EndProject
Project("{8BC9CEB8-8B4A-11D0-8D11-00A0C91BC942}") = "GetFullPathProcess", "..\GetFullPathProcess\GetFullPathProcess.vcxproj", "{DA6B4571-27D7-420F-A3E6-8A56F4E026F5}"
EndProject
Project("{8BC9CEB8-8B4A-11D0-8D11-00A0C91BC942}") = "CharacterTransferNumber", "..\CharacterTransferNumber\CharacterTransferNumber.vcxproj", "{19FF4842-0844-498C-A7E5-DB1C8283D1F4}"
EndProject
Project("{8BC9CEB8-8B4A-11D0-8D11-00A0C91BC942}") = "GetChildFiles", "..\GetChildFiles\GetChildFiles.vcxproj", "{302334EF-F6F2-458A-8755-A00A45436850}"
EndProject
Project("{8BC9CEB8-8B4A-11D0-8D11-00A0C91BC942}") = "CallBackFunc", "..\CallBackFunc\CallBackFunc.vcxproj", "{C36DE56F-46E3-4325-A0E0-45930C7A9076}"
EndProject
Project("{8BC9CEB8-8B4A-11D0-8D11-00A0C91BC942}") = "getPort", "..\getPort\getPort.vcxproj", "{EBA9888D-6BEA-40BD-B9FC-471EF6243BC4}"
EndProject
Project("{8BC9CEB8-8B4A-11D0-8D11-00A0C91BC942}") = "GetTcpStatistics", "..\GetTcpStatistics\GetTcpStatistics.vcxproj", "{39BBBE66-5DD4-4383-90DA-B82D432D4746}"
EndProject
Project("{8BC9CEB8-8B4A-11D0-8D11-00A0C91BC942}") = "LookupPersistentTcpPortReservation", "..\LookupPersistentTcpPortReservation\LookupPersistentTcpPortReservation.vcxproj", "{B4269CB9-8FEC-4E03-BC28-F42ACA1F2CA6}"
EndProject
Project("{8BC9CEB8-8B4A-11D0-8D11-00A0C91BC942}") = "FormattedMessage", "..\FormattedMessage\FormattedMessage.vcxproj", "{04FFD23A-2318-432D-A89D-D7148774D37E}"
EndProject
Project("{8BC9CEB8-8B4A-11D0-8D11-00A0C91BC942}") = "cmd", "..\cmd\cmd.vcxproj", "{1B2C46A6-FE8A-4654-B35A-97EE12D8FC9F}"
EndProject
Project("{8BC9CEB8-8B4A-11D0-8D11-00A0C91BC942}") = "GetAbailablePort", "..\GetAbailablePort\GetAbailablePort.vcxproj", "{51A74C5E-9C71-409D-BB8F-59BB6BA21B42}"
EndProject
Project("{8BC9CEB8-8B4A-11D0-8D11-00A0C91BC942}") = "AllLogoCache", "..\AllLogoCache\AllLogoCache\AllLogoCache.vcxproj", "{77C6B8F3-8359-40B4-8EFF-94FF1DF5A0BA}"
EndProject
Project("{8BC9CEB8-8B4A-11D0-8D11-00A0C91BC942}") = "HexToDec", "..\HexToDec\HexToDec\HexToDec.vcxproj", "{96A1B334-DDE7-4E36-937D-4F2AEFA449F4}"
EndProject
Project("{8BC9CEB8-8B4A-11D0-8D11-00A0C91BC942}") = "ncmp", "..\ncmp\ncmp\ncmp.vcxproj", "{C79DA540-F30A-4FF0-B1A5-5B9BBB87A973}"
EndProject
Project("{8BC9CEB8-8B4A-11D0-8D11-00A0C91BC942}") = "NetShTest", "..\NetShTest\NetShTest.vcxproj", "{25D45B01-9802-4FA8-B9C8-35FF3737DB39}"
EndProject
Project("{8BC9CEB8-8B4A-11D0-8D11-00A0C91BC942}") = "Set", "..\Set\Set.vcxproj", "{37C30DCE-F7F1-4F16-BA60-ABEFEB4D203E}"
EndProject
Project("{2150E333-8FDC-42A3-9474-1A3956D46DE8}") = "RelyPorts", "..\RelyPorts", "{07450E01-7063-4412-ABB2-4EAF79A3BB27}"
EndProject
Project("{2150E333-8FDC-42A3-9474-1A3956D46DE8}") = "Reg", "..\Reg", "{8377FA6D-A6A7-4AFB-851A-31E8CDC08A20}"
EndProject
Project("{8BC9CEB8-8B4A-11D0-8D11-00A0C91BC942}") = "GetExtendedTcpTabel", "..\GetExtendedTcpTabel\GetExtendedTcpTabel.vcxproj", "{77A43B1D-2C16-4FBA-BA41-8CB21C99DADA}"
EndProject
Global
	GlobalSection(SolutionConfigurationPlatforms) = preSolution
		Debug|Win32 = Debug|Win32
		Debug|x64 = Debug|x64
		Debug|x86 = Debug|x86
		Release|Win32 = Release|Win32
		Release|x64 = Release|x64
		Release|x86 = Release|x86
	EndGlobalSection
	GlobalSection(ProjectConfigurationPlatforms) = postSolution
		{715ACD5E-E329-4D06-B0CA-9171C0FE8D71}.Debug|Win32.ActiveCfg = Debug|Win32
		{715ACD5E-E329-4D06-B0CA-9171C0FE8D71}.Debug|Win32.Build.0 = Debug|Win32
		{715ACD5E-E329-4D06-B0CA-9171C0FE8D71}.Debug|x64.ActiveCfg = Debug|x64
		{715ACD5E-E329-4D06-B0CA-9171C0FE8D71}.Debug|x64.Build.0 = Debug|x64
		{715ACD5E-E329-4D06-B0CA-9171C0FE8D71}.Debug|x86.ActiveCfg = Debug|Win32
		{715ACD5E-E329-4D06-B0CA-9171C0FE8D71}.Debug|x86.Build.0 = Debug|Win32
		{715ACD5E-E329-4D06-B0CA-9171C0FE8D71}.Release|Win32.ActiveCfg = Release|Win32
		{715ACD5E-E329-4D06-B0CA-9171C0FE8D71}.Release|Win32.Build.0 = Release|Win32
		{715ACD5E-E329-4D06-B0CA-9171C0FE8D71}.Release|x64.ActiveCfg = Release|x64
		{715ACD5E-E329-4D06-B0CA-9171C0FE8D71}.Release|x64.Build.0 = Release|x64
		{715ACD5E-E329-4D06-B0CA-9171C0FE8D71}.Release|x86.ActiveCfg = Release|Win32
		{715ACD5E-E329-4D06-B0CA-9171C0FE8D71}.Release|x86.Build.0 = Release|Win32
		{9F07B2A3-A862-4E84-BEFB-E1DFED8289C9}.Debug|Win32.ActiveCfg = Debug|Win32
		{9F07B2A3-A862-4E84-BEFB-E1DFED8289C9}.Debug|Win32.Build.0 = Debug|Win32
		{9F07B2A3-A862-4E84-BEFB-E1DFED8289C9}.Debug|x64.ActiveCfg = Debug|x64
		{9F07B2A3-A862-4E84-BEFB-E1DFED8289C9}.Debug|x64.Build.0 = Debug|x64
		{9F07B2A3-A862-4E84-BEFB-E1DFED8289C9}.Debug|x86.ActiveCfg = Debug|Win32
		{9F07B2A3-A862-4E84-BEFB-E1DFED8289C9}.Debug|x86.Build.0 = Debug|Win32
		{9F07B2A3-A862-4E84-BEFB-E1DFED8289C9}.Release|Win32.ActiveCfg = Release|Win32
		{9F07B2A3-A862-4E84-BEFB-E1DFED8289C9}.Release|Win32.Build.0 = Release|Win32
		{9F07B2A3-A862-4E84-BEFB-E1DFED8289C9}.Release|x64.ActiveCfg = Release|x64
		{9F07B2A3-A862-4E84-BEFB-E1DFED8289C9}.Release|x64.Build.0 = Release|x64
		{9F07B2A3-A862-4E84-BEFB-E1DFED8289C9}.Release|x86.ActiveCfg = Release|Win32
		{9F07B2A3-A862-4E84-BEFB-E1DFED8289C9}.Release|x86.Build.0 = Release|Win32
		{F3037B78-0501-451C-B173-9F1F976651CD}.Debug|Win32.ActiveCfg = Debug|Win32
		{F3037B78-0501-451C-B173-9F1F976651CD}.Debug|Win32.Build.0 = Debug|Win32
		{F3037B78-0501-451C-B173-9F1F976651CD}.Debug|x64.ActiveCfg = Debug|x64
		{F3037B78-0501-451C-B173-9F1F976651CD}.Debug|x64.Build.0 = Debug|x64
		{F3037B78-0501-451C-B173-9F1F976651CD}.Debug|x86.ActiveCfg = Debug|Win32
		{F3037B78-0501-451C-B173-9F1F976651CD}.Debug|x86.Build.0 = Debug|Win32
		{F3037B78-0501-451C-B173-9F1F976651CD}.Release|Win32.ActiveCfg = Release|Win32
		{F3037B78-0501-451C-B173-9F1F976651CD}.Release|Win32.Build.0 = Release|Win32
		{F3037B78-0501-451C-B173-9F1F976651CD}.Release|x64.ActiveCfg = Release|x64
		{F3037B78-0501-451C-B173-9F1F976651CD}.Release|x64.Build.0 = Release|x64
		{F3037B78-0501-451C-B173-9F1F976651CD}.Release|x86.ActiveCfg = Release|Win32
		{F3037B78-0501-451C-B173-9F1F976651CD}.Release|x86.Build.0 = Release|Win32
		{1CE4092C-7F58-4F6A-B00D-9D0523B3D494}.Debug|Win32.ActiveCfg = Debug|Win32
		{1CE4092C-7F58-4F6A-B00D-9D0523B3D494}.Debug|Win32.Build.0 = Debug|Win32
		{1CE4092C-7F58-4F6A-B00D-9D0523B3D494}.Debug|x64.ActiveCfg = Debug|x64
		{1CE4092C-7F58-4F6A-B00D-9D0523B3D494}.Debug|x64.Build.0 = Debug|x64
		{1CE4092C-7F58-4F6A-B00D-9D0523B3D494}.Debug|x86.ActiveCfg = Debug|Win32
		{1CE4092C-7F58-4F6A-B00D-9D0523B3D494}.Debug|x86.Build.0 = Debug|Win32
		{1CE4092C-7F58-4F6A-B00D-9D0523B3D494}.Release|Win32.ActiveCfg = Release|Win32
		{1CE4092C-7F58-4F6A-B00D-9D0523B3D494}.Release|Win32.Build.0 = Release|Win32
		{1CE4092C-7F58-4F6A-B00D-9D0523B3D494}.Release|x64.ActiveCfg = Release|x64
		{1CE4092C-7F58-4F6A-B00D-9D0523B3D494}.Release|x64.Build.0 = Release|x64
		{1CE4092C-7F58-4F6A-B00D-9D0523B3D494}.Release|x86.ActiveCfg = Release|Win32
		{1CE4092C-7F58-4F6A-B00D-9D0523B3D494}.Release|x86.Build.0 = Release|Win32
		{176E9F7D-6F24-4A85-BF5A-55167AA743E1}.Debug|Win32.ActiveCfg = Debug|Win32
		{176E9F7D-6F24-4A85-BF5A-55167AA743E1}.Debug|Win32.Build.0 = Debug|Win32
		{176E9F7D-6F24-4A85-BF5A-55167AA743E1}.Debug|x64.ActiveCfg = Debug|x64
		{176E9F7D-6F24-4A85-BF5A-55167AA743E1}.Debug|x64.Build.0 = Debug|x64
		{176E9F7D-6F24-4A85-BF5A-55167AA743E1}.Debug|x86.ActiveCfg = Debug|Win32
		{176E9F7D-6F24-4A85-BF5A-55167AA743E1}.Debug|x86.Build.0 = Debug|Win32
		{176E9F7D-6F24-4A85-BF5A-55167AA743E1}.Release|Win32.ActiveCfg = Release|Win32
		{176E9F7D-6F24-4A85-BF5A-55167AA743E1}.Release|Win32.Build.0 = Release|Win32
		{176E9F7D-6F24-4A85-BF5A-55167AA743E1}.Release|x64.ActiveCfg = Release|x64
		{176E9F7D-6F24-4A85-BF5A-55167AA743E1}.Release|x64.Build.0 = Release|x64
		{176E9F7D-6F24-4A85-BF5A-55167AA743E1}.Release|x86.ActiveCfg = Release|Win32
		{176E9F7D-6F24-4A85-BF5A-55167AA743E1}.Release|x86.Build.0 = Release|Win32
		{ABBC47D1-1011-4775-A9A4-3747C1D50EFB}.Debug|Win32.ActiveCfg = Debug|Win32
		{ABBC47D1-1011-4775-A9A4-3747C1D50EFB}.Debug|Win32.Build.0 = Debug|Win32
		{ABBC47D1-1011-4775-A9A4-3747C1D50EFB}.Debug|x64.ActiveCfg = Debug|x64
		{ABBC47D1-1011-4775-A9A4-3747C1D50EFB}.Debug|x64.Build.0 = Debug|x64
		{ABBC47D1-1011-4775-A9A4-3747C1D50EFB}.Debug|x86.ActiveCfg = Debug|Win32
		{ABBC47D1-1011-4775-A9A4-3747C1D50EFB}.Debug|x86.Build.0 = Debug|Win32
		{ABBC47D1-1011-4775-A9A4-3747C1D50EFB}.Release|Win32.ActiveCfg = Release|Win32
		{ABBC47D1-1011-4775-A9A4-3747C1D50EFB}.Release|Win32.Build.0 = Release|Win32
		{ABBC47D1-1011-4775-A9A4-3747C1D50EFB}.Release|x64.ActiveCfg = Release|x64
		{ABBC47D1-1011-4775-A9A4-3747C1D50EFB}.Release|x64.Build.0 = Release|x64
		{ABBC47D1-1011-4775-A9A4-3747C1D50EFB}.Release|x86.ActiveCfg = Release|Win32
		{ABBC47D1-1011-4775-A9A4-3747C1D50EFB}.Release|x86.Build.0 = Release|Win32
		{509974AB-9B1C-4703-9A9D-5BC98824CDDC}.Debug|Win32.ActiveCfg = Debug|Win32
		{509974AB-9B1C-4703-9A9D-5BC98824CDDC}.Debug|Win32.Build.0 = Debug|Win32
		{509974AB-9B1C-4703-9A9D-5BC98824CDDC}.Debug|x64.ActiveCfg = Debug|x64
		{509974AB-9B1C-4703-9A9D-5BC98824CDDC}.Debug|x64.Build.0 = Debug|x64
		{509974AB-9B1C-4703-9A9D-5BC98824CDDC}.Debug|x86.ActiveCfg = Debug|Win32
		{509974AB-9B1C-4703-9A9D-5BC98824CDDC}.Debug|x86.Build.0 = Debug|Win32
		{509974AB-9B1C-4703-9A9D-5BC98824CDDC}.Release|Win32.ActiveCfg = Release|Win32
		{509974AB-9B1C-4703-9A9D-5BC98824CDDC}.Release|Win32.Build.0 = Release|Win32
		{509974AB-9B1C-4703-9A9D-5BC98824CDDC}.Release|x64.ActiveCfg = Release|x64
		{509974AB-9B1C-4703-9A9D-5BC98824CDDC}.Release|x64.Build.0 = Release|x64
		{509974AB-9B1C-4703-9A9D-5BC98824CDDC}.Release|x86.ActiveCfg = Release|Win32
		{509974AB-9B1C-4703-9A9D-5BC98824CDDC}.Release|x86.Build.0 = Release|Win32
		{FF9F95BA-D4F6-4B23-A812-C34D6F2AE475}.Debug|Win32.ActiveCfg = Debug|Win32
		{FF9F95BA-D4F6-4B23-A812-C34D6F2AE475}.Debug|Win32.Build.0 = Debug|Win32
		{FF9F95BA-D4F6-4B23-A812-C34D6F2AE475}.Debug|x64.ActiveCfg = Debug|x64
		{FF9F95BA-D4F6-4B23-A812-C34D6F2AE475}.Debug|x64.Build.0 = Debug|x64
		{FF9F95BA-D4F6-4B23-A812-C34D6F2AE475}.Debug|x86.ActiveCfg = Debug|Win32
		{FF9F95BA-D4F6-4B23-A812-C34D6F2AE475}.Debug|x86.Build.0 = Debug|Win32
		{FF9F95BA-D4F6-4B23-A812-C34D6F2AE475}.Release|Win32.ActiveCfg = Release|Win32
		{FF9F95BA-D4F6-4B23-A812-C34D6F2AE475}.Release|Win32.Build.0 = Release|Win32
		{FF9F95BA-D4F6-4B23-A812-C34D6F2AE475}.Release|x64.ActiveCfg = Release|x64
		{FF9F95BA-D4F6-4B23-A812-C34D6F2AE475}.Release|x64.Build.0 = Release|x64
		{FF9F95BA-D4F6-4B23-A812-C34D6F2AE475}.Release|x86.ActiveCfg = Release|Win32
		{FF9F95BA-D4F6-4B23-A812-C34D6F2AE475}.Release|x86.Build.0 = Release|Win32
		{7B1B4981-A6A3-4FF2-B50C-11DB3C325613}.Debug|Win32.ActiveCfg = Debug|Win32
		{7B1B4981-A6A3-4FF2-B50C-11DB3C325613}.Debug|Win32.Build.0 = Debug|Win32
		{7B1B4981-A6A3-4FF2-B50C-11DB3C325613}.Debug|x64.ActiveCfg = Debug|x64
		{7B1B4981-A6A3-4FF2-B50C-11DB3C325613}.Debug|x64.Build.0 = Debug|x64
		{7B1B4981-A6A3-4FF2-B50C-11DB3C325613}.Debug|x86.ActiveCfg = Debug|Win32
		{7B1B4981-A6A3-4FF2-B50C-11DB3C325613}.Debug|x86.Build.0 = Debug|Win32
		{7B1B4981-A6A3-4FF2-B50C-11DB3C325613}.Release|Win32.ActiveCfg = Release|Win32
		{7B1B4981-A6A3-4FF2-B50C-11DB3C325613}.Release|Win32.Build.0 = Release|Win32
		{7B1B4981-A6A3-4FF2-B50C-11DB3C325613}.Release|x64.ActiveCfg = Release|x64
		{7B1B4981-A6A3-4FF2-B50C-11DB3C325613}.Release|x64.Build.0 = Release|x64
		{7B1B4981-A6A3-4FF2-B50C-11DB3C325613}.Release|x86.ActiveCfg = Release|Win32
		{7B1B4981-A6A3-4FF2-B50C-11DB3C325613}.Release|x86.Build.0 = Release|Win32
		{4E37F7D7-DB65-40CE-A1B9-A6462AC792F9}.Debug|Win32.ActiveCfg = Debug|Win32
		{4E37F7D7-DB65-40CE-A1B9-A6462AC792F9}.Debug|Win32.Build.0 = Debug|Win32
		{4E37F7D7-DB65-40CE-A1B9-A6462AC792F9}.Debug|x64.ActiveCfg = Debug|x64
		{4E37F7D7-DB65-40CE-A1B9-A6462AC792F9}.Debug|x64.Build.0 = Debug|x64
		{4E37F7D7-DB65-40CE-A1B9-A6462AC792F9}.Debug|x86.ActiveCfg = Debug|Win32
		{4E37F7D7-DB65-40CE-A1B9-A6462AC792F9}.Debug|x86.Build.0 = Debug|Win32
		{4E37F7D7-DB65-40CE-A1B9-A6462AC792F9}.Release|Win32.ActiveCfg = Release|Win32
		{4E37F7D7-DB65-40CE-A1B9-A6462AC792F9}.Release|Win32.Build.0 = Release|Win32
		{4E37F7D7-DB65-40CE-A1B9-A6462AC792F9}.Release|x64.ActiveCfg = Release|x64
		{4E37F7D7-DB65-40CE-A1B9-A6462AC792F9}.Release|x64.Build.0 = Release|x64
		{4E37F7D7-DB65-40CE-A1B9-A6462AC792F9}.Release|x86.ActiveCfg = Release|Win32
		{4E37F7D7-DB65-40CE-A1B9-A6462AC792F9}.Release|x86.Build.0 = Release|Win32
		{8151DB0F-FFC9-4E44-B782-1A8D38B0985E}.Debug|Win32.ActiveCfg = Debug|Win32
		{8151DB0F-FFC9-4E44-B782-1A8D38B0985E}.Debug|Win32.Build.0 = Debug|Win32
		{8151DB0F-FFC9-4E44-B782-1A8D38B0985E}.Debug|x64.ActiveCfg = Debug|x64
		{8151DB0F-FFC9-4E44-B782-1A8D38B0985E}.Debug|x64.Build.0 = Debug|x64
		{8151DB0F-FFC9-4E44-B782-1A8D38B0985E}.Debug|x86.ActiveCfg = Debug|Win32
		{8151DB0F-FFC9-4E44-B782-1A8D38B0985E}.Debug|x86.Build.0 = Debug|Win32
		{8151DB0F-FFC9-4E44-B782-1A8D38B0985E}.Release|Win32.ActiveCfg = Release|Win32
		{8151DB0F-FFC9-4E44-B782-1A8D38B0985E}.Release|Win32.Build.0 = Release|Win32
		{8151DB0F-FFC9-4E44-B782-1A8D38B0985E}.Release|x64.ActiveCfg = Release|x64
		{8151DB0F-FFC9-4E44-B782-1A8D38B0985E}.Release|x64.Build.0 = Release|x64
		{8151DB0F-FFC9-4E44-B782-1A8D38B0985E}.Release|x86.ActiveCfg = Release|Win32
		{8151DB0F-FFC9-4E44-B782-1A8D38B0985E}.Release|x86.Build.0 = Release|Win32
		{785FB474-10EA-4A51-AA2F-037A900F212B}.Debug|Win32.ActiveCfg = Debug|Win32
		{785FB474-10EA-4A51-AA2F-037A900F212B}.Debug|Win32.Build.0 = Debug|Win32
		{785FB474-10EA-4A51-AA2F-037A900F212B}.Debug|x64.ActiveCfg = Debug|x64
		{785FB474-10EA-4A51-AA2F-037A900F212B}.Debug|x64.Build.0 = Debug|x64
		{785FB474-10EA-4A51-AA2F-037A900F212B}.Debug|x86.ActiveCfg = Debug|Win32
		{785FB474-10EA-4A51-AA2F-037A900F212B}.Debug|x86.Build.0 = Debug|Win32
		{785FB474-10EA-4A51-AA2F-037A900F212B}.Release|Win32.ActiveCfg = Release|Win32
		{785FB474-10EA-4A51-AA2F-037A900F212B}.Release|Win32.Build.0 = Release|Win32
		{785FB474-10EA-4A51-AA2F-037A900F212B}.Release|x64.ActiveCfg = Release|x64
		{785FB474-10EA-4A51-AA2F-037A900F212B}.Release|x64.Build.0 = Release|x64
		{785FB474-10EA-4A51-AA2F-037A900F212B}.Release|x86.ActiveCfg = Release|Win32
		{785FB474-10EA-4A51-AA2F-037A900F212B}.Release|x86.Build.0 = Release|Win32
		{C4B8A172-06F7-4FFB-AAFC-E81C5F6680A4}.Debug|Win32.ActiveCfg = Debug|Win32
		{C4B8A172-06F7-4FFB-AAFC-E81C5F6680A4}.Debug|Win32.Build.0 = Debug|Win32
		{C4B8A172-06F7-4FFB-AAFC-E81C5F6680A4}.Debug|x64.ActiveCfg = Debug|x64
		{C4B8A172-06F7-4FFB-AAFC-E81C5F6680A4}.Debug|x64.Build.0 = Debug|x64
		{C4B8A172-06F7-4FFB-AAFC-E81C5F6680A4}.Debug|x86.ActiveCfg = Debug|Win32
		{C4B8A172-06F7-4FFB-AAFC-E81C5F6680A4}.Debug|x86.Build.0 = Debug|Win32
		{C4B8A172-06F7-4FFB-AAFC-E81C5F6680A4}.Release|Win32.ActiveCfg = Release|Win32
		{C4B8A172-06F7-4FFB-AAFC-E81C5F6680A4}.Release|Win32.Build.0 = Release|Win32
		{C4B8A172-06F7-4FFB-AAFC-E81C5F6680A4}.Release|x64.ActiveCfg = Release|x64
		{C4B8A172-06F7-4FFB-AAFC-E81C5F6680A4}.Release|x64.Build.0 = Release|x64
		{C4B8A172-06F7-4FFB-AAFC-E81C5F6680A4}.Release|x86.ActiveCfg = Release|Win32
		{C4B8A172-06F7-4FFB-AAFC-E81C5F6680A4}.Release|x86.Build.0 = Release|Win32
		{09359848-C17F-4AAA-B869-3B40BB2E4A6E}.Debug|Win32.ActiveCfg = Debug|Win32
		{09359848-C17F-4AAA-B869-3B40BB2E4A6E}.Debug|Win32.Build.0 = Debug|Win32
		{09359848-C17F-4AAA-B869-3B40BB2E4A6E}.Debug|x64.ActiveCfg = Debug|x64
		{09359848-C17F-4AAA-B869-3B40BB2E4A6E}.Debug|x64.Build.0 = Debug|x64
		{09359848-C17F-4AAA-B869-3B40BB2E4A6E}.Debug|x86.ActiveCfg = Debug|Win32
		{09359848-C17F-4AAA-B869-3B40BB2E4A6E}.Debug|x86.Build.0 = Debug|Win32
		{09359848-C17F-4AAA-B869-3B40BB2E4A6E}.Release|Win32.ActiveCfg = Release|Win32
		{09359848-C17F-4AAA-B869-3B40BB2E4A6E}.Release|Win32.Build.0 = Release|Win32
		{09359848-C17F-4AAA-B869-3B40BB2E4A6E}.Release|x64.ActiveCfg = Release|x64
		{09359848-C17F-4AAA-B869-3B40BB2E4A6E}.Release|x64.Build.0 = Release|x64
		{09359848-C17F-4AAA-B869-3B40BB2E4A6E}.Release|x86.ActiveCfg = Release|Win32
		{09359848-C17F-4AAA-B869-3B40BB2E4A6E}.Release|x86.Build.0 = Release|Win32
		{64726B9C-8EE9-4D59-869C-B63DA8C6E938}.Debug|Win32.ActiveCfg = Debug|Win32
		{64726B9C-8EE9-4D59-869C-B63DA8C6E938}.Debug|Win32.Build.0 = Debug|Win32
		{64726B9C-8EE9-4D59-869C-B63DA8C6E938}.Debug|x64.ActiveCfg = Debug|x64
		{64726B9C-8EE9-4D59-869C-B63DA8C6E938}.Debug|x64.Build.0 = Debug|x64
		{64726B9C-8EE9-4D59-869C-B63DA8C6E938}.Debug|x86.ActiveCfg = Debug|Win32
		{64726B9C-8EE9-4D59-869C-B63DA8C6E938}.Debug|x86.Build.0 = Debug|Win32
		{64726B9C-8EE9-4D59-869C-B63DA8C6E938}.Release|Win32.ActiveCfg = Release|Win32
		{64726B9C-8EE9-4D59-869C-B63DA8C6E938}.Release|Win32.Build.0 = Release|Win32
		{64726B9C-8EE9-4D59-869C-B63DA8C6E938}.Release|x64.ActiveCfg = Release|x64
		{64726B9C-8EE9-4D59-869C-B63DA8C6E938}.Release|x64.Build.0 = Release|x64
		{64726B9C-8EE9-4D59-869C-B63DA8C6E938}.Release|x86.ActiveCfg = Release|Win32
		{64726B9C-8EE9-4D59-869C-B63DA8C6E938}.Release|x86.Build.0 = Release|Win32
		{6DA40C4B-EC4F-4A80-AB52-97FF8885FE7B}.Debug|Win32.ActiveCfg = Debug|Win32
		{6DA40C4B-EC4F-4A80-AB52-97FF8885FE7B}.Debug|Win32.Build.0 = Debug|Win32
		{6DA40C4B-EC4F-4A80-AB52-97FF8885FE7B}.Debug|x64.ActiveCfg = Debug|x64
		{6DA40C4B-EC4F-4A80-AB52-97FF8885FE7B}.Debug|x64.Build.0 = Debug|x64
		{6DA40C4B-EC4F-4A80-AB52-97FF8885FE7B}.Debug|x86.ActiveCfg = Debug|Win32
		{6DA40C4B-EC4F-4A80-AB52-97FF8885FE7B}.Debug|x86.Build.0 = Debug|Win32
		{6DA40C4B-EC4F-4A80-AB52-97FF8885FE7B}.Release|Win32.ActiveCfg = Release|Win32
		{6DA40C4B-EC4F-4A80-AB52-97FF8885FE7B}.Release|Win32.Build.0 = Release|Win32
		{6DA40C4B-EC4F-4A80-AB52-97FF8885FE7B}.Release|x64.ActiveCfg = Release|x64
		{6DA40C4B-EC4F-4A80-AB52-97FF8885FE7B}.Release|x64.Build.0 = Release|x64
		{6DA40C4B-EC4F-4A80-AB52-97FF8885FE7B}.Release|x86.ActiveCfg = Release|Win32
		{6DA40C4B-EC4F-4A80-AB52-97FF8885FE7B}.Release|x86.Build.0 = Release|Win32
		{6D22547D-8DAD-4373-93A5-533ABDFBDA03}.Debug|Win32.ActiveCfg = Debug|Win32
		{6D22547D-8DAD-4373-93A5-533ABDFBDA03}.Debug|Win32.Build.0 = Debug|Win32
		{6D22547D-8DAD-4373-93A5-533ABDFBDA03}.Debug|x64.ActiveCfg = Debug|x64
		{6D22547D-8DAD-4373-93A5-533ABDFBDA03}.Debug|x64.Build.0 = Debug|x64
		{6D22547D-8DAD-4373-93A5-533ABDFBDA03}.Debug|x86.ActiveCfg = Debug|Win32
		{6D22547D-8DAD-4373-93A5-533ABDFBDA03}.Debug|x86.Build.0 = Debug|Win32
		{6D22547D-8DAD-4373-93A5-533ABDFBDA03}.Release|Win32.ActiveCfg = Release|Win32
		{6D22547D-8DAD-4373-93A5-533ABDFBDA03}.Release|Win32.Build.0 = Release|Win32
		{6D22547D-8DAD-4373-93A5-533ABDFBDA03}.Release|x64.ActiveCfg = Release|x64
		{6D22547D-8DAD-4373-93A5-533ABDFBDA03}.Release|x64.Build.0 = Release|x64
		{6D22547D-8DAD-4373-93A5-533ABDFBDA03}.Release|x86.ActiveCfg = Release|Win32
		{6D22547D-8DAD-4373-93A5-533ABDFBDA03}.Release|x86.Build.0 = Release|Win32
		{741DADDD-19FF-4262-A8AC-3D0C2EC103A3}.Debug|Win32.ActiveCfg = Debug|Win32
		{741DADDD-19FF-4262-A8AC-3D0C2EC103A3}.Debug|Win32.Build.0 = Debug|Win32
		{741DADDD-19FF-4262-A8AC-3D0C2EC103A3}.Debug|x64.ActiveCfg = Debug|x64
		{741DADDD-19FF-4262-A8AC-3D0C2EC103A3}.Debug|x64.Build.0 = Debug|x64
		{741DADDD-19FF-4262-A8AC-3D0C2EC103A3}.Debug|x86.ActiveCfg = Debug|Win32
		{741DADDD-19FF-4262-A8AC-3D0C2EC103A3}.Debug|x86.Build.0 = Debug|Win32
		{741DADDD-19FF-4262-A8AC-3D0C2EC103A3}.Release|Win32.ActiveCfg = Release|Win32
		{741DADDD-19FF-4262-A8AC-3D0C2EC103A3}.Release|Win32.Build.0 = Release|Win32
		{741DADDD-19FF-4262-A8AC-3D0C2EC103A3}.Release|x64.ActiveCfg = Release|x64
		{741DADDD-19FF-4262-A8AC-3D0C2EC103A3}.Release|x64.Build.0 = Release|x64
		{741DADDD-19FF-4262-A8AC-3D0C2EC103A3}.Release|x86.ActiveCfg = Release|Win32
		{741DADDD-19FF-4262-A8AC-3D0C2EC103A3}.Release|x86.Build.0 = Release|Win32
		{0899482C-678C-4E01-963C-F5F979DE311D}.Debug|Win32.ActiveCfg = Debug|Win32
		{0899482C-678C-4E01-963C-F5F979DE311D}.Debug|Win32.Build.0 = Debug|Win32
		{0899482C-678C-4E01-963C-F5F979DE311D}.Debug|x64.ActiveCfg = Debug|x64
		{0899482C-678C-4E01-963C-F5F979DE311D}.Debug|x64.Build.0 = Debug|x64
		{0899482C-678C-4E01-963C-F5F979DE311D}.Debug|x86.ActiveCfg = Debug|Win32
		{0899482C-678C-4E01-963C-F5F979DE311D}.Debug|x86.Build.0 = Debug|Win32
		{0899482C-678C-4E01-963C-F5F979DE311D}.Release|Win32.ActiveCfg = Release|Win32
		{0899482C-678C-4E01-963C-F5F979DE311D}.Release|Win32.Build.0 = Release|Win32
		{0899482C-678C-4E01-963C-F5F979DE311D}.Release|x64.ActiveCfg = Release|x64
		{0899482C-678C-4E01-963C-F5F979DE311D}.Release|x64.Build.0 = Release|x64
		{0899482C-678C-4E01-963C-F5F979DE311D}.Release|x86.ActiveCfg = Release|Win32
		{0899482C-678C-4E01-963C-F5F979DE311D}.Release|x86.Build.0 = Release|Win32
		{4DD99385-4B17-4BED-8CE3-F78131254413}.Debug|Win32.ActiveCfg = Debug|Win32
		{4DD99385-4B17-4BED-8CE3-F78131254413}.Debug|Win32.Build.0 = Debug|Win32
		{4DD99385-4B17-4BED-8CE3-F78131254413}.Debug|x64.ActiveCfg = Debug|x64
		{4DD99385-4B17-4BED-8CE3-F78131254413}.Debug|x64.Build.0 = Debug|x64
		{4DD99385-4B17-4BED-8CE3-F78131254413}.Debug|x86.ActiveCfg = Debug|Win32
		{4DD99385-4B17-4BED-8CE3-F78131254413}.Debug|x86.Build.0 = Debug|Win32
		{4DD99385-4B17-4BED-8CE3-F78131254413}.Release|Win32.ActiveCfg = Release|Win32
		{4DD99385-4B17-4BED-8CE3-F78131254413}.Release|Win32.Build.0 = Release|Win32
		{4DD99385-4B17-4BED-8CE3-F78131254413}.Release|x64.ActiveCfg = Release|x64
		{4DD99385-4B17-4BED-8CE3-F78131254413}.Release|x64.Build.0 = Release|x64
		{4DD99385-4B17-4BED-8CE3-F78131254413}.Release|x86.ActiveCfg = Release|Win32
		{4DD99385-4B17-4BED-8CE3-F78131254413}.Release|x86.Build.0 = Release|Win32
		{F88221CF-0B38-4DFC-891D-F7F4722B126F}.Debug|Win32.ActiveCfg = Debug|Win32
		{F88221CF-0B38-4DFC-891D-F7F4722B126F}.Debug|Win32.Build.0 = Debug|Win32
		{F88221CF-0B38-4DFC-891D-F7F4722B126F}.Debug|x64.ActiveCfg = Debug|x64
		{F88221CF-0B38-4DFC-891D-F7F4722B126F}.Debug|x64.Build.0 = Debug|x64
		{F88221CF-0B38-4DFC-891D-F7F4722B126F}.Debug|x86.ActiveCfg = Debug|Win32
		{F88221CF-0B38-4DFC-891D-F7F4722B126F}.Debug|x86.Build.0 = Debug|Win32
		{F88221CF-0B38-4DFC-891D-F7F4722B126F}.Release|Win32.ActiveCfg = Release|Win32
		{F88221CF-0B38-4DFC-891D-F7F4722B126F}.Release|Win32.Build.0 = Release|Win32
		{F88221CF-0B38-4DFC-891D-F7F4722B126F}.Release|x64.ActiveCfg = Release|x64
		{F88221CF-0B38-4DFC-891D-F7F4722B126F}.Release|x64.Build.0 = Release|x64
		{F88221CF-0B38-4DFC-891D-F7F4722B126F}.Release|x86.ActiveCfg = Release|Win32
		{F88221CF-0B38-4DFC-891D-F7F4722B126F}.Release|x86.Build.0 = Release|Win32
		{E0731A70-0F47-4618-88D9-32C16C44CA16}.Debug|Win32.ActiveCfg = Debug|Win32
		{E0731A70-0F47-4618-88D9-32C16C44CA16}.Debug|Win32.Build.0 = Debug|Win32
		{E0731A70-0F47-4618-88D9-32C16C44CA16}.Debug|x64.ActiveCfg = Debug|x64
		{E0731A70-0F47-4618-88D9-32C16C44CA16}.Debug|x64.Build.0 = Debug|x64
		{E0731A70-0F47-4618-88D9-32C16C44CA16}.Debug|x86.ActiveCfg = Debug|Win32
		{E0731A70-0F47-4618-88D9-32C16C44CA16}.Debug|x86.Build.0 = Debug|Win32
		{E0731A70-0F47-4618-88D9-32C16C44CA16}.Release|Win32.ActiveCfg = Release|Win32
		{E0731A70-0F47-4618-88D9-32C16C44CA16}.Release|Win32.Build.0 = Release|Win32
		{E0731A70-0F47-4618-88D9-32C16C44CA16}.Release|x64.ActiveCfg = Release|x64
		{E0731A70-0F47-4618-88D9-32C16C44CA16}.Release|x64.Build.0 = Release|x64
		{E0731A70-0F47-4618-88D9-32C16C44CA16}.Release|x86.ActiveCfg = Release|Win32
		{E0731A70-0F47-4618-88D9-32C16C44CA16}.Release|x86.Build.0 = Release|Win32
		{6D35E298-86DE-44A2-AE73-7AD4D4697EB4}.Debug|Win32.ActiveCfg = Debug|Win32
		{6D35E298-86DE-44A2-AE73-7AD4D4697EB4}.Debug|Win32.Build.0 = Debug|Win32
		{6D35E298-86DE-44A2-AE73-7AD4D4697EB4}.Debug|x64.ActiveCfg = Debug|x64
		{6D35E298-86DE-44A2-AE73-7AD4D4697EB4}.Debug|x64.Build.0 = Debug|x64
		{6D35E298-86DE-44A2-AE73-7AD4D4697EB4}.Debug|x86.ActiveCfg = Debug|Win32
		{6D35E298-86DE-44A2-AE73-7AD4D4697EB4}.Debug|x86.Build.0 = Debug|Win32
		{6D35E298-86DE-44A2-AE73-7AD4D4697EB4}.Release|Win32.ActiveCfg = Release|Win32
		{6D35E298-86DE-44A2-AE73-7AD4D4697EB4}.Release|Win32.Build.0 = Release|Win32
		{6D35E298-86DE-44A2-AE73-7AD4D4697EB4}.Release|x64.ActiveCfg = Release|x64
		{6D35E298-86DE-44A2-AE73-7AD4D4697EB4}.Release|x64.Build.0 = Release|x64
		{6D35E298-86DE-44A2-AE73-7AD4D4697EB4}.Release|x86.ActiveCfg = Release|Win32
		{6D35E298-86DE-44A2-AE73-7AD4D4697EB4}.Release|x86.Build.0 = Release|Win32
		{2A0464DE-9C56-4237-A212-4EED89B67CF7}.Debug|Win32.ActiveCfg = Debug|Win32
		{2A0464DE-9C56-4237-A212-4EED89B67CF7}.Debug|Win32.Build.0 = Debug|Win32
		{2A0464DE-9C56-4237-A212-4EED89B67CF7}.Debug|x64.ActiveCfg = Debug|x64
		{2A0464DE-9C56-4237-A212-4EED89B67CF7}.Debug|x64.Build.0 = Debug|x64
		{2A0464DE-9C56-4237-A212-4EED89B67CF7}.Debug|x86.ActiveCfg = Debug|Win32
		{2A0464DE-9C56-4237-A212-4EED89B67CF7}.Debug|x86.Build.0 = Debug|Win32
		{2A0464DE-9C56-4237-A212-4EED89B67CF7}.Release|Win32.ActiveCfg = Release|Win32
		{2A0464DE-9C56-4237-A212-4EED89B67CF7}.Release|Win32.Build.0 = Release|Win32
		{2A0464DE-9C56-4237-A212-4EED89B67CF7}.Release|x64.ActiveCfg = Release|x64
		{2A0464DE-9C56-4237-A212-4EED89B67CF7}.Release|x64.Build.0 = Release|x64
		{2A0464DE-9C56-4237-A212-4EED89B67CF7}.Release|x86.ActiveCfg = Release|Win32
		{2A0464DE-9C56-4237-A212-4EED89B67CF7}.Release|x86.Build.0 = Release|Win32
		{BA74737B-BDB8-4C4C-A2C6-3FAD1B89E5C2}.Debug|Win32.ActiveCfg = Debug|Win32
		{BA74737B-BDB8-4C4C-A2C6-3FAD1B89E5C2}.Debug|Win32.Build.0 = Debug|Win32
		{BA74737B-BDB8-4C4C-A2C6-3FAD1B89E5C2}.Debug|x64.ActiveCfg = Debug|x64
		{BA74737B-BDB8-4C4C-A2C6-3FAD1B89E5C2}.Debug|x64.Build.0 = Debug|x64
		{BA74737B-BDB8-4C4C-A2C6-3FAD1B89E5C2}.Debug|x86.ActiveCfg = Debug|Win32
		{BA74737B-BDB8-4C4C-A2C6-3FAD1B89E5C2}.Debug|x86.Build.0 = Debug|Win32
		{BA74737B-BDB8-4C4C-A2C6-3FAD1B89E5C2}.Release|Win32.ActiveCfg = Release|Win32
		{BA74737B-BDB8-4C4C-A2C6-3FAD1B89E5C2}.Release|Win32.Build.0 = Release|Win32
		{BA74737B-BDB8-4C4C-A2C6-3FAD1B89E5C2}.Release|x64.ActiveCfg = Release|x64
		{BA74737B-BDB8-4C4C-A2C6-3FAD1B89E5C2}.Release|x64.Build.0 = Release|x64
		{BA74737B-BDB8-4C4C-A2C6-3FAD1B89E5C2}.Release|x86.ActiveCfg = Release|Win32
		{BA74737B-BDB8-4C4C-A2C6-3FAD1B89E5C2}.Release|x86.Build.0 = Release|Win32
		{920C968C-4468-4EC9-87EA-FFD5C882D687}.Debug|Win32.ActiveCfg = Debug|Win32
		{920C968C-4468-4EC9-87EA-FFD5C882D687}.Debug|Win32.Build.0 = Debug|Win32
		{920C968C-4468-4EC9-87EA-FFD5C882D687}.Debug|x64.ActiveCfg = Debug|x64
		{920C968C-4468-4EC9-87EA-FFD5C882D687}.Debug|x64.Build.0 = Debug|x64
		{920C968C-4468-4EC9-87EA-FFD5C882D687}.Debug|x86.ActiveCfg = Debug|Win32
		{920C968C-4468-4EC9-87EA-FFD5C882D687}.Debug|x86.Build.0 = Debug|Win32
		{920C968C-4468-4EC9-87EA-FFD5C882D687}.Release|Win32.ActiveCfg = Release|Win32
		{920C968C-4468-4EC9-87EA-FFD5C882D687}.Release|Win32.Build.0 = Release|Win32
		{920C968C-4468-4EC9-87EA-FFD5C882D687}.Release|x64.ActiveCfg = Release|x64
		{920C968C-4468-4EC9-87EA-FFD5C882D687}.Release|x64.Build.0 = Release|x64
		{920C968C-4468-4EC9-87EA-FFD5C882D687}.Release|x86.ActiveCfg = Release|Win32
		{920C968C-4468-4EC9-87EA-FFD5C882D687}.Release|x86.Build.0 = Release|Win32
		{CBE14696-4F12-45EA-9A21-B7EC681A6E66}.Debug|Win32.ActiveCfg = Debug|Win32
		{CBE14696-4F12-45EA-9A21-B7EC681A6E66}.Debug|Win32.Build.0 = Debug|Win32
		{CBE14696-4F12-45EA-9A21-B7EC681A6E66}.Debug|x64.ActiveCfg = Debug|x64
		{CBE14696-4F12-45EA-9A21-B7EC681A6E66}.Debug|x64.Build.0 = Debug|x64
		{CBE14696-4F12-45EA-9A21-B7EC681A6E66}.Debug|x86.ActiveCfg = Debug|Win32
		{CBE14696-4F12-45EA-9A21-B7EC681A6E66}.Debug|x86.Build.0 = Debug|Win32
		{CBE14696-4F12-45EA-9A21-B7EC681A6E66}.Release|Win32.ActiveCfg = Release|Win32
		{CBE14696-4F12-45EA-9A21-B7EC681A6E66}.Release|Win32.Build.0 = Release|Win32
		{CBE14696-4F12-45EA-9A21-B7EC681A6E66}.Release|x64.ActiveCfg = Release|x64
		{CBE14696-4F12-45EA-9A21-B7EC681A6E66}.Release|x64.Build.0 = Release|x64
		{CBE14696-4F12-45EA-9A21-B7EC681A6E66}.Release|x86.ActiveCfg = Release|Win32
		{CBE14696-4F12-45EA-9A21-B7EC681A6E66}.Release|x86.Build.0 = Release|Win32
		{DA6B4571-27D7-420F-A3E6-8A56F4E026F5}.Debug|Win32.ActiveCfg = Debug|Win32
		{DA6B4571-27D7-420F-A3E6-8A56F4E026F5}.Debug|Win32.Build.0 = Debug|Win32
		{DA6B4571-27D7-420F-A3E6-8A56F4E026F5}.Debug|x64.ActiveCfg = Debug|x64
		{DA6B4571-27D7-420F-A3E6-8A56F4E026F5}.Debug|x64.Build.0 = Debug|x64
		{DA6B4571-27D7-420F-A3E6-8A56F4E026F5}.Debug|x86.ActiveCfg = Debug|Win32
		{DA6B4571-27D7-420F-A3E6-8A56F4E026F5}.Debug|x86.Build.0 = Debug|Win32
		{DA6B4571-27D7-420F-A3E6-8A56F4E026F5}.Release|Win32.ActiveCfg = Release|Win32
		{DA6B4571-27D7-420F-A3E6-8A56F4E026F5}.Release|Win32.Build.0 = Release|Win32
		{DA6B4571-27D7-420F-A3E6-8A56F4E026F5}.Release|x64.ActiveCfg = Release|x64
		{DA6B4571-27D7-420F-A3E6-8A56F4E026F5}.Release|x64.Build.0 = Release|x64
		{DA6B4571-27D7-420F-A3E6-8A56F4E026F5}.Release|x86.ActiveCfg = Release|Win32
		{DA6B4571-27D7-420F-A3E6-8A56F4E026F5}.Release|x86.Build.0 = Release|Win32
		{19FF4842-0844-498C-A7E5-DB1C8283D1F4}.Debug|Win32.ActiveCfg = Debug|Win32
		{19FF4842-0844-498C-A7E5-DB1C8283D1F4}.Debug|Win32.Build.0 = Debug|Win32
		{19FF4842-0844-498C-A7E5-DB1C8283D1F4}.Debug|x64.ActiveCfg = Debug|x64
		{19FF4842-0844-498C-A7E5-DB1C8283D1F4}.Debug|x64.Build.0 = Debug|x64
		{19FF4842-0844-498C-A7E5-DB1C8283D1F4}.Debug|x86.ActiveCfg = Debug|Win32
		{19FF4842-0844-498C-A7E5-DB1C8283D1F4}.Debug|x86.Build.0 = Debug|Win32
		{19FF4842-0844-498C-A7E5-DB1C8283D1F4}.Release|Win32.ActiveCfg = Release|Win32
		{19FF4842-0844-498C-A7E5-DB1C8283D1F4}.Release|Win32.Build.0 = Release|Win32
		{19FF4842-0844-498C-A7E5-DB1C8283D1F4}.Release|x64.ActiveCfg = Release|x64
		{19FF4842-0844-498C-A7E5-DB1C8283D1F4}.Release|x64.Build.0 = Release|x64
		{19FF4842-0844-498C-A7E5-DB1C8283D1F4}.Release|x86.ActiveCfg = Release|Win32
		{19FF4842-0844-498C-A7E5-DB1C8283D1F4}.Release|x86.Build.0 = Release|Win32
		{302334EF-F6F2-458A-8755-A00A45436850}.Debug|Win32.ActiveCfg = Debug|Win32
		{302334EF-F6F2-458A-8755-A00A45436850}.Debug|Win32.Build.0 = Debug|Win32
		{302334EF-F6F2-458A-8755-A00A45436850}.Debug|x64.ActiveCfg = Debug|x64
		{302334EF-F6F2-458A-8755-A00A45436850}.Debug|x64.Build.0 = Debug|x64
		{302334EF-F6F2-458A-8755-A00A45436850}.Debug|x86.ActiveCfg = Debug|Win32
		{302334EF-F6F2-458A-8755-A00A45436850}.Debug|x86.Build.0 = Debug|Win32
		{302334EF-F6F2-458A-8755-A00A45436850}.Release|Win32.ActiveCfg = Release|Win32
		{302334EF-F6F2-458A-8755-A00A45436850}.Release|Win32.Build.0 = Release|Win32
		{302334EF-F6F2-458A-8755-A00A45436850}.Release|x64.ActiveCfg = Release|x64
		{302334EF-F6F2-458A-8755-A00A45436850}.Release|x64.Build.0 = Release|x64
		{302334EF-F6F2-458A-8755-A00A45436850}.Release|x86.ActiveCfg = Release|Win32
		{302334EF-F6F2-458A-8755-A00A45436850}.Release|x86.Build.0 = Release|Win32
		{C36DE56F-46E3-4325-A0E0-45930C7A9076}.Debug|Win32.ActiveCfg = Debug|Win32
		{C36DE56F-46E3-4325-A0E0-45930C7A9076}.Debug|Win32.Build.0 = Debug|Win32
		{C36DE56F-46E3-4325-A0E0-45930C7A9076}.Debug|x64.ActiveCfg = Debug|x64
		{C36DE56F-46E3-4325-A0E0-45930C7A9076}.Debug|x64.Build.0 = Debug|x64
		{C36DE56F-46E3-4325-A0E0-45930C7A9076}.Debug|x86.ActiveCfg = Debug|Win32
		{C36DE56F-46E3-4325-A0E0-45930C7A9076}.Debug|x86.Build.0 = Debug|Win32
		{C36DE56F-46E3-4325-A0E0-45930C7A9076}.Release|Win32.ActiveCfg = Release|Win32
		{C36DE56F-46E3-4325-A0E0-45930C7A9076}.Release|Win32.Build.0 = Release|Win32
		{C36DE56F-46E3-4325-A0E0-45930C7A9076}.Release|x64.ActiveCfg = Release|x64
		{C36DE56F-46E3-4325-A0E0-45930C7A9076}.Release|x64.Build.0 = Release|x64
		{C36DE56F-46E3-4325-A0E0-45930C7A9076}.Release|x86.ActiveCfg = Release|Win32
		{C36DE56F-46E3-4325-A0E0-45930C7A9076}.Release|x86.Build.0 = Release|Win32
		{EBA9888D-6BEA-40BD-B9FC-471EF6243BC4}.Debug|Win32.ActiveCfg = Debug|Win32
		{EBA9888D-6BEA-40BD-B9FC-471EF6243BC4}.Debug|Win32.Build.0 = Debug|Win32
		{EBA9888D-6BEA-40BD-B9FC-471EF6243BC4}.Debug|x64.ActiveCfg = Debug|x64
		{EBA9888D-6BEA-40BD-B9FC-471EF6243BC4}.Debug|x64.Build.0 = Debug|x64
		{EBA9888D-6BEA-40BD-B9FC-471EF6243BC4}.Debug|x86.ActiveCfg = Debug|Win32
		{EBA9888D-6BEA-40BD-B9FC-471EF6243BC4}.Debug|x86.Build.0 = Debug|Win32
		{EBA9888D-6BEA-40BD-B9FC-471EF6243BC4}.Release|Win32.ActiveCfg = Release|Win32
		{EBA9888D-6BEA-40BD-B9FC-471EF6243BC4}.Release|Win32.Build.0 = Release|Win32
		{EBA9888D-6BEA-40BD-B9FC-471EF6243BC4}.Release|x64.ActiveCfg = Release|x64
		{EBA9888D-6BEA-40BD-B9FC-471EF6243BC4}.Release|x64.Build.0 = Release|x64
		{EBA9888D-6BEA-40BD-B9FC-471EF6243BC4}.Release|x86.ActiveCfg = Release|Win32
		{EBA9888D-6BEA-40BD-B9FC-471EF6243BC4}.Release|x86.Build.0 = Release|Win32
		{39BBBE66-5DD4-4383-90DA-B82D432D4746}.Debug|Win32.ActiveCfg = Debug|Win32
		{39BBBE66-5DD4-4383-90DA-B82D432D4746}.Debug|Win32.Build.0 = Debug|Win32
		{39BBBE66-5DD4-4383-90DA-B82D432D4746}.Debug|x64.ActiveCfg = Debug|x64
		{39BBBE66-5DD4-4383-90DA-B82D432D4746}.Debug|x64.Build.0 = Debug|x64
		{39BBBE66-5DD4-4383-90DA-B82D432D4746}.Debug|x86.ActiveCfg = Debug|Win32
		{39BBBE66-5DD4-4383-90DA-B82D432D4746}.Debug|x86.Build.0 = Debug|Win32
		{39BBBE66-5DD4-4383-90DA-B82D432D4746}.Release|Win32.ActiveCfg = Release|Win32
		{39BBBE66-5DD4-4383-90DA-B82D432D4746}.Release|Win32.Build.0 = Release|Win32
		{39BBBE66-5DD4-4383-90DA-B82D432D4746}.Release|x64.ActiveCfg = Release|x64
		{39BBBE66-5DD4-4383-90DA-B82D432D4746}.Release|x64.Build.0 = Release|x64
		{39BBBE66-5DD4-4383-90DA-B82D432D4746}.Release|x86.ActiveCfg = Release|Win32
		{39BBBE66-5DD4-4383-90DA-B82D432D4746}.Release|x86.Build.0 = Release|Win32
		{B4269CB9-8FEC-4E03-BC28-F42ACA1F2CA6}.Debug|Win32.ActiveCfg = Debug|Win32
		{B4269CB9-8FEC-4E03-BC28-F42ACA1F2CA6}.Debug|Win32.Build.0 = Debug|Win32
		{B4269CB9-8FEC-4E03-BC28-F42ACA1F2CA6}.Debug|x64.ActiveCfg = Debug|x64
		{B4269CB9-8FEC-4E03-BC28-F42ACA1F2CA6}.Debug|x64.Build.0 = Debug|x64
		{B4269CB9-8FEC-4E03-BC28-F42ACA1F2CA6}.Debug|x86.ActiveCfg = Debug|Win32
		{B4269CB9-8FEC-4E03-BC28-F42ACA1F2CA6}.Debug|x86.Build.0 = Debug|Win32
		{B4269CB9-8FEC-4E03-BC28-F42ACA1F2CA6}.Release|Win32.ActiveCfg = Release|Win32
		{B4269CB9-8FEC-4E03-BC28-F42ACA1F2CA6}.Release|Win32.Build.0 = Release|Win32
		{B4269CB9-8FEC-4E03-BC28-F42ACA1F2CA6}.Release|x64.ActiveCfg = Release|x64
		{B4269CB9-8FEC-4E03-BC28-F42ACA1F2CA6}.Release|x64.Build.0 = Release|x64
		{B4269CB9-8FEC-4E03-BC28-F42ACA1F2CA6}.Release|x86.ActiveCfg = Release|Win32
		{B4269CB9-8FEC-4E03-BC28-F42ACA1F2CA6}.Release|x86.Build.0 = Release|Win32
		{04FFD23A-2318-432D-A89D-D7148774D37E}.Debug|Win32.ActiveCfg = Debug|Win32
		{04FFD23A-2318-432D-A89D-D7148774D37E}.Debug|Win32.Build.0 = Debug|Win32
		{04FFD23A-2318-432D-A89D-D7148774D37E}.Debug|x64.ActiveCfg = Debug|x64
		{04FFD23A-2318-432D-A89D-D7148774D37E}.Debug|x64.Build.0 = Debug|x64
		{04FFD23A-2318-432D-A89D-D7148774D37E}.Debug|x86.ActiveCfg = Debug|Win32
		{04FFD23A-2318-432D-A89D-D7148774D37E}.Debug|x86.Build.0 = Debug|Win32
		{04FFD23A-2318-432D-A89D-D7148774D37E}.Release|Win32.ActiveCfg = Release|Win32
		{04FFD23A-2318-432D-A89D-D7148774D37E}.Release|Win32.Build.0 = Release|Win32
		{04FFD23A-2318-432D-A89D-D7148774D37E}.Release|x64.ActiveCfg = Release|x64
		{04FFD23A-2318-432D-A89D-D7148774D37E}.Release|x64.Build.0 = Release|x64
		{04FFD23A-2318-432D-A89D-D7148774D37E}.Release|x86.ActiveCfg = Release|Win32
		{04FFD23A-2318-432D-A89D-D7148774D37E}.Release|x86.Build.0 = Release|Win32
		{1B2C46A6-FE8A-4654-B35A-97EE12D8FC9F}.Debug|Win32.ActiveCfg = Debug|Win32
		{1B2C46A6-FE8A-4654-B35A-97EE12D8FC9F}.Debug|Win32.Build.0 = Debug|Win32
		{1B2C46A6-FE8A-4654-B35A-97EE12D8FC9F}.Debug|x64.ActiveCfg = Debug|x64
		{1B2C46A6-FE8A-4654-B35A-97EE12D8FC9F}.Debug|x64.Build.0 = Debug|x64
		{1B2C46A6-FE8A-4654-B35A-97EE12D8FC9F}.Debug|x86.ActiveCfg = Debug|Win32
		{1B2C46A6-FE8A-4654-B35A-97EE12D8FC9F}.Debug|x86.Build.0 = Debug|Win32
		{1B2C46A6-FE8A-4654-B35A-97EE12D8FC9F}.Release|Win32.ActiveCfg = Release|Win32
		{1B2C46A6-FE8A-4654-B35A-97EE12D8FC9F}.Release|Win32.Build.0 = Release|Win32
		{1B2C46A6-FE8A-4654-B35A-97EE12D8FC9F}.Release|x64.ActiveCfg = Release|x64
		{1B2C46A6-FE8A-4654-B35A-97EE12D8FC9F}.Release|x64.Build.0 = Release|x64
		{1B2C46A6-FE8A-4654-B35A-97EE12D8FC9F}.Release|x86.ActiveCfg = Release|Win32
		{1B2C46A6-FE8A-4654-B35A-97EE12D8FC9F}.Release|x86.Build.0 = Release|Win32
		{51A74C5E-9C71-409D-BB8F-59BB6BA21B42}.Debug|Win32.ActiveCfg = Debug|Win32
		{51A74C5E-9C71-409D-BB8F-59BB6BA21B42}.Debug|Win32.Build.0 = Debug|Win32
		{51A74C5E-9C71-409D-BB8F-59BB6BA21B42}.Debug|x64.ActiveCfg = Debug|x64
		{51A74C5E-9C71-409D-BB8F-59BB6BA21B42}.Debug|x64.Build.0 = Debug|x64
		{51A74C5E-9C71-409D-BB8F-59BB6BA21B42}.Debug|x86.ActiveCfg = Debug|Win32
		{51A74C5E-9C71-409D-BB8F-59BB6BA21B42}.Debug|x86.Build.0 = Debug|Win32
		{51A74C5E-9C71-409D-BB8F-59BB6BA21B42}.Release|Win32.ActiveCfg = Release|Win32
		{51A74C5E-9C71-409D-BB8F-59BB6BA21B42}.Release|Win32.Build.0 = Release|Win32
		{51A74C5E-9C71-409D-BB8F-59BB6BA21B42}.Release|x64.ActiveCfg = Release|x64
		{51A74C5E-9C71-409D-BB8F-59BB6BA21B42}.Release|x64.Build.0 = Release|x64
		{51A74C5E-9C71-409D-BB8F-59BB6BA21B42}.Release|x86.ActiveCfg = Release|Win32
		{51A74C5E-9C71-409D-BB8F-59BB6BA21B42}.Release|x86.Build.0 = Release|Win32
		{77C6B8F3-8359-40B4-8EFF-94FF1DF5A0BA}.Debug|Win32.ActiveCfg = Debug|Win32
		{77C6B8F3-8359-40B4-8EFF-94FF1DF5A0BA}.Debug|Win32.Build.0 = Debug|Win32
		{77C6B8F3-8359-40B4-8EFF-94FF1DF5A0BA}.Debug|x64.ActiveCfg = Debug|x64
		{77C6B8F3-8359-40B4-8EFF-94FF1DF5A0BA}.Debug|x64.Build.0 = Debug|x64
		{77C6B8F3-8359-40B4-8EFF-94FF1DF5A0BA}.Debug|x86.ActiveCfg = Debug|Win32
		{77C6B8F3-8359-40B4-8EFF-94FF1DF5A0BA}.Debug|x86.Build.0 = Debug|Win32
		{77C6B8F3-8359-40B4-8EFF-94FF1DF5A0BA}.Release|Win32.ActiveCfg = Release|Win32
		{77C6B8F3-8359-40B4-8EFF-94FF1DF5A0BA}.Release|Win32.Build.0 = Release|Win32
		{77C6B8F3-8359-40B4-8EFF-94FF1DF5A0BA}.Release|x64.ActiveCfg = Release|x64
		{77C6B8F3-8359-40B4-8EFF-94FF1DF5A0BA}.Release|x64.Build.0 = Release|x64
		{77C6B8F3-8359-40B4-8EFF-94FF1DF5A0BA}.Release|x86.ActiveCfg = Release|Win32
		{77C6B8F3-8359-40B4-8EFF-94FF1DF5A0BA}.Release|x86.Build.0 = Release|Win32
		{96A1B334-DDE7-4E36-937D-4F2AEFA449F4}.Debug|Win32.ActiveCfg = Debug|Win32
		{96A1B334-DDE7-4E36-937D-4F2AEFA449F4}.Debug|Win32.Build.0 = Debug|Win32
		{96A1B334-DDE7-4E36-937D-4F2AEFA449F4}.Debug|x64.ActiveCfg = Debug|x64
		{96A1B334-DDE7-4E36-937D-4F2AEFA449F4}.Debug|x64.Build.0 = Debug|x64
		{96A1B334-DDE7-4E36-937D-4F2AEFA449F4}.Debug|x86.ActiveCfg = Debug|Win32
		{96A1B334-DDE7-4E36-937D-4F2AEFA449F4}.Debug|x86.Build.0 = Debug|Win32
		{96A1B334-DDE7-4E36-937D-4F2AEFA449F4}.Release|Win32.ActiveCfg = Release|Win32
		{96A1B334-DDE7-4E36-937D-4F2AEFA449F4}.Release|Win32.Build.0 = Release|Win32
		{96A1B334-DDE7-4E36-937D-4F2AEFA449F4}.Release|x64.ActiveCfg = Release|x64
		{96A1B334-DDE7-4E36-937D-4F2AEFA449F4}.Release|x64.Build.0 = Release|x64
		{96A1B334-DDE7-4E36-937D-4F2AEFA449F4}.Release|x86.ActiveCfg = Release|Win32
		{96A1B334-DDE7-4E36-937D-4F2AEFA449F4}.Release|x86.Build.0 = Release|Win32
		{C79DA540-F30A-4FF0-B1A5-5B9BBB87A973}.Debug|Win32.ActiveCfg = Debug|Win32
		{C79DA540-F30A-4FF0-B1A5-5B9BBB87A973}.Debug|Win32.Build.0 = Debug|Win32
		{C79DA540-F30A-4FF0-B1A5-5B9BBB87A973}.Debug|x64.ActiveCfg = Debug|x64
		{C79DA540-F30A-4FF0-B1A5-5B9BBB87A973}.Debug|x64.Build.0 = Debug|x64
		{C79DA540-F30A-4FF0-B1A5-5B9BBB87A973}.Debug|x86.ActiveCfg = Debug|Win32
		{C79DA540-F30A-4FF0-B1A5-5B9BBB87A973}.Debug|x86.Build.0 = Debug|Win32
		{C79DA540-F30A-4FF0-B1A5-5B9BBB87A973}.Release|Win32.ActiveCfg = Release|Win32
		{C79DA540-F30A-4FF0-B1A5-5B9BBB87A973}.Release|Win32.Build.0 = Release|Win32
		{C79DA540-F30A-4FF0-B1A5-5B9BBB87A973}.Release|x64.ActiveCfg = Release|x64
		{C79DA540-F30A-4FF0-B1A5-5B9BBB87A973}.Release|x64.Build.0 = Release|x64
		{C79DA540-F30A-4FF0-B1A5-5B9BBB87A973}.Release|x86.ActiveCfg = Release|Win32
		{C79DA540-F30A-4FF0-B1A5-5B9BBB87A973}.Release|x86.Build.0 = Release|Win32
		{25D45B01-9802-4FA8-B9C8-35FF3737DB39}.Debug|Win32.ActiveCfg = Debug|Win32
		{25D45B01-9802-4FA8-B9C8-35FF3737DB39}.Debug|Win32.Build.0 = Debug|Win32
		{25D45B01-9802-4FA8-B9C8-35FF3737DB39}.Debug|x64.ActiveCfg = Debug|x64
		{25D45B01-9802-4FA8-B9C8-35FF3737DB39}.Debug|x64.Build.0 = Debug|x64
		{25D45B01-9802-4FA8-B9C8-35FF3737DB39}.Debug|x86.ActiveCfg = Debug|Win32
		{25D45B01-9802-4FA8-B9C8-35FF3737DB39}.Debug|x86.Build.0 = Debug|Win32
		{25D45B01-9802-4FA8-B9C8-35FF3737DB39}.Release|Win32.ActiveCfg = Release|Win32
		{25D45B01-9802-4FA8-B9C8-35FF3737DB39}.Release|Win32.Build.0 = Release|Win32
		{25D45B01-9802-4FA8-B9C8-35FF3737DB39}.Release|x64.ActiveCfg = Release|x64
		{25D45B01-9802-4FA8-B9C8-35FF3737DB39}.Release|x64.Build.0 = Release|x64
		{25D45B01-9802-4FA8-B9C8-35FF3737DB39}.Release|x86.ActiveCfg = Release|Win32
		{25D45B01-9802-4FA8-B9C8-35FF3737DB39}.Release|x86.Build.0 = Release|Win32
		{37C30DCE-F7F1-4F16-BA60-ABEFEB4D203E}.Debug|Win32.ActiveCfg = Debug|Win32
		{37C30DCE-F7F1-4F16-BA60-ABEFEB4D203E}.Debug|Win32.Build.0 = Debug|Win32
		{37C30DCE-F7F1-4F16-BA60-ABEFEB4D203E}.Debug|x64.ActiveCfg = Debug|x64
		{37C30DCE-F7F1-4F16-BA60-ABEFEB4D203E}.Debug|x64.Build.0 = Debug|x64
		{37C30DCE-F7F1-4F16-BA60-ABEFEB4D203E}.Debug|x86.ActiveCfg = Debug|Win32
		{37C30DCE-F7F1-4F16-BA60-ABEFEB4D203E}.Debug|x86.Build.0 = Debug|Win32
		{37C30DCE-F7F1-4F16-BA60-ABEFEB4D203E}.Release|Win32.ActiveCfg = Release|Win32
		{37C30DCE-F7F1-4F16-BA60-ABEFEB4D203E}.Release|Win32.Build.0 = Release|Win32
		{37C30DCE-F7F1-4F16-BA60-ABEFEB4D203E}.Release|x64.ActiveCfg = Release|x64
		{37C30DCE-F7F1-4F16-BA60-ABEFEB4D203E}.Release|x64.Build.0 = Release|x64
		{37C30DCE-F7F1-4F16-BA60-ABEFEB4D203E}.Release|x86.ActiveCfg = Release|Win32
		{37C30DCE-F7F1-4F16-BA60-ABEFEB4D203E}.Release|x86.Build.0 = Release|Win32
		{77A43B1D-2C16-4FBA-BA41-8CB21C99DADA}.Debug|Win32.ActiveCfg = Debug|Win32
		{77A43B1D-2C16-4FBA-BA41-8CB21C99DADA}.Debug|Win32.Build.0 = Debug|Win32
		{77A43B1D-2C16-4FBA-BA41-8CB21C99DADA}.Debug|x64.ActiveCfg = Debug|x64
		{77A43B1D-2C16-4FBA-BA41-8CB21C99DADA}.Debug|x64.Build.0 = Debug|x64
		{77A43B1D-2C16-4FBA-BA41-8CB21C99DADA}.Debug|x86.ActiveCfg = Debug|Win32
		{77A43B1D-2C16-4FBA-BA41-8CB21C99DADA}.Debug|x86.Build.0 = Debug|Win32
		{77A43B1D-2C16-4FBA-BA41-8CB21C99DADA}.Release|Win32.ActiveCfg = Release|Win32
		{77A43B1D-2C16-4FBA-BA41-8CB21C99DADA}.Release|Win32.Build.0 = Release|Win32
		{77A43B1D-2C16-4FBA-BA41-8CB21C99DADA}.Release|x64.ActiveCfg = Release|x64
		{77A43B1D-2C16-4FBA-BA41-8CB21C99DADA}.Release|x64.Build.0 = Release|x64
		{77A43B1D-2C16-4FBA-BA41-8CB21C99DADA}.Release|x86.ActiveCfg = Release|Win32
		{77A43B1D-2C16-4FBA-BA41-8CB21C99DADA}.Release|x86.Build.0 = Release|Win32
	EndGlobalSection
	GlobalSection(SolutionProperties) = preSolution
		HideSolutionNode = FALSE
	EndGlobalSection
	GlobalSection(NestedProjects) = preSolution
		{715ACD5E-E329-4D06-B0CA-9171C0FE8D71} = {C2CB26D9-428C-4050-A883-E02955B52481}
		{F3037B78-0501-451C-B173-9F1F976651CD} = {C2CB26D9-428C-4050-A883-E02955B52481}
		{1CE4092C-7F58-4F6A-B00D-9D0523B3D494} = {C2CB26D9-428C-4050-A883-E02955B52481}
		{176E9F7D-6F24-4A85-BF5A-55167AA743E1} = {C2CB26D9-428C-4050-A883-E02955B52481}
		{ABBC47D1-1011-4775-A9A4-3747C1D50EFB} = {C2CB26D9-428C-4050-A883-E02955B52481}
		{509974AB-9B1C-4703-9A9D-5BC98824CDDC} = {C2CB26D9-428C-4050-A883-E02955B52481}
		{FF9F95BA-D4F6-4B23-A812-C34D6F2AE475} = {C2CB26D9-428C-4050-A883-E02955B52481}
		{4E37F7D7-DB65-40CE-A1B9-A6462AC792F9} = {C2CB26D9-428C-4050-A883-E02955B52481}
		{8151DB0F-FFC9-4E44-B782-1A8D38B0985E} = {C2CB26D9-428C-4050-A883-E02955B52481}
		{785FB474-10EA-4A51-AA2F-037A900F212B} = {C2CB26D9-428C-4050-A883-E02955B52481}
		{09359848-C17F-4AAA-B869-3B40BB2E4A6E} = {C2CB26D9-428C-4050-A883-E02955B52481}
		{6DA40C4B-EC4F-4A80-AB52-97FF8885FE7B} = {12FFA287-2FD1-4989-92C5-F9A2828FB1BA}
		{6D22547D-8DAD-4373-93A5-533ABDFBDA03} = {C2CB26D9-428C-4050-A883-E02955B52481}
		{741DADDD-19FF-4262-A8AC-3D0C2EC103A3} = {C2CB26D9-428C-4050-A883-E02955B52481}
		{0899482C-678C-4E01-963C-F5F979DE311D} = {E13E94C1-3A49-4601-82F6-7C1DC66BD840}
		{4DD99385-4B17-4BED-8CE3-F78131254413} = {C2CB26D9-428C-4050-A883-E02955B52481}
		{F88221CF-0B38-4DFC-891D-F7F4722B126F} = {C2CB26D9-428C-4050-A883-E02955B52481}
		{E0731A70-0F47-4618-88D9-32C16C44CA16} = {C2CB26D9-428C-4050-A883-E02955B52481}
		{2A0464DE-9C56-4237-A212-4EED89B67CF7} = {C2CB26D9-428C-4050-A883-E02955B52481}
		{BA74737B-BDB8-4C4C-A2C6-3FAD1B89E5C2} = {C2CB26D9-428C-4050-A883-E02955B52481}
		{920C968C-4468-4EC9-87EA-FFD5C882D687} = {CC80EB85-58B2-46FE-8C0A-94B39C0F70FE}
		{CBE14696-4F12-45EA-9A21-B7EC681A6E66} = {C2CB26D9-428C-4050-A883-E02955B52481}
		{DA6B4571-27D7-420F-A3E6-8A56F4E026F5} = {C2CB26D9-428C-4050-A883-E02955B52481}
		{19FF4842-0844-498C-A7E5-DB1C8283D1F4} = {12FFA287-2FD1-4989-92C5-F9A2828FB1BA}
		{302334EF-F6F2-458A-8755-A00A45436850} = {C2CB26D9-428C-4050-A883-E02955B52481}
		{C36DE56F-46E3-4325-A0E0-45930C7A9076} = {CC80EB85-58B2-46FE-8C0A-94B39C0F70FE}
		{EBA9888D-6BEA-40BD-B9FC-471EF6243BC4} = {07450E01-7063-4412-ABB2-4EAF79A3BB27}
		{39BBBE66-5DD4-4383-90DA-B82D432D4746} = {07450E01-7063-4412-ABB2-4EAF79A3BB27}
		{B4269CB9-8FEC-4E03-BC28-F42ACA1F2CA6} = {C2CB26D9-428C-4050-A883-E02955B52481}
		{04FFD23A-2318-432D-A89D-D7148774D37E} = {C2CB26D9-428C-4050-A883-E02955B52481}
		{1B2C46A6-FE8A-4654-B35A-97EE12D8FC9F} = {CC80EB85-58B2-46FE-8C0A-94B39C0F70FE}
		{51A74C5E-9C71-409D-BB8F-59BB6BA21B42} = {07450E01-7063-4412-ABB2-4EAF79A3BB27}
		{77C6B8F3-8359-40B4-8EFF-94FF1DF5A0BA} = {CC80EB85-58B2-46FE-8C0A-94B39C0F70FE}
		{96A1B334-DDE7-4E36-937D-4F2AEFA449F4} = {CC80EB85-58B2-46FE-8C0A-94B39C0F70FE}
		{C79DA540-F30A-4FF0-B1A5-5B9BBB87A973} = {CC80EB85-58B2-46FE-8C0A-94B39C0F70FE}
		{25D45B01-9802-4FA8-B9C8-35FF3737DB39} = {07450E01-7063-4412-ABB2-4EAF79A3BB27}
		{37C30DCE-F7F1-4F16-BA60-ABEFEB4D203E} = {CC80EB85-58B2-46FE-8C0A-94B39C0F70FE}
		{07450E01-7063-4412-ABB2-4EAF79A3BB27} = {C2CB26D9-428C-4050-A883-E02955B52481}
		{8377FA6D-A6A7-4AFB-851A-31E8CDC08A20} = {C2CB26D9-428C-4050-A883-E02955B52481}
		{77A43B1D-2C16-4FBA-BA41-8CB21C99DADA} = {07450E01-7063-4412-ABB2-4EAF79A3BB27}
	EndGlobalSection
	GlobalSection(ExtensibilityGlobals) = postSolution
		SolutionGuid = {19EFB91A-2809-42AF-99A0-145934EC4744}
	EndGlobalSection
EndGlobal
